// !$*UTF8*$!
{
	archiveVersion = 1;
	classes = {
	};
	objectVersion = 46;
	objects = {

/* Begin PBXBuildFile section */
		CCF5A44F1ACA851A006D2744 /* Foundation.framework in Frameworks */ = {isa = PBXBuildFile; fileRef = CCF5A44E1ACA851A006D2744 /* Foundation.framework */; };
		CCF5A4511ACA851A006D2744 /* CoreGraphics.framework in Frameworks */ = {isa = PBXBuildFile; fileRef = CCF5A4501ACA851A006D2744 /* CoreGraphics.framework */; };
		CCF5A4531ACA851A006D2744 /* UIKit.framework in Frameworks */ = {isa = PBXBuildFile; fileRef = CCF5A4521ACA851A006D2744 /* UIKit.framework */; };
		CCF5A4591ACA851A006D2744 /* InfoPlist.strings in Resources */ = {isa = PBXBuildFile; fileRef = CCF5A4571ACA851A006D2744 /* InfoPlist.strings */; };
		CCF5A45B1ACA851A006D2744 /* main.m in Sources */ = {isa = PBXBuildFile; fileRef = CCF5A45A1ACA851A006D2744 /* main.m */; };
		CCF5A45F1ACA851A006D2744 /* QYAppDelegate.m in Sources */ = {isa = PBXBuildFile; fileRef = CCF5A45E1ACA851A006D2744 /* QYAppDelegate.m */; };
		CCF5A4621ACA851A006D2744 /* Main.storyboard in Resources */ = {isa = PBXBuildFile; fileRef = CCF5A4601ACA851A006D2744 /* Main.storyboard */; };
		CCF5A4651ACA851A006D2744 /* QYViewController.m in Sources */ = {isa = PBXBuildFile; fileRef = CCF5A4641ACA851A006D2744 /* QYViewController.m */; };
		CCF5A4671ACA851A006D2744 /* Images.xcassets in Resources */ = {isa = PBXBuildFile; fileRef = CCF5A4661ACA851A006D2744 /* Images.xcassets */; };
		CCF5A46E1ACA851A006D2744 /* XCTest.framework in Frameworks */ = {isa = PBXBuildFile; fileRef = CCF5A46D1ACA851A006D2744 /* XCTest.framework */; };
		CCF5A46F1ACA851A006D2744 /* Foundation.framework in Frameworks */ = {isa = PBXBuildFile; fileRef = CCF5A44E1ACA851A006D2744 /* Foundation.framework */; };
		CCF5A4701ACA851A006D2744 /* UIKit.framework in Frameworks */ = {isa = PBXBuildFile; fileRef = CCF5A4521ACA851A006D2744 /* UIKit.framework */; };
		CCF5A4781ACA851A006D2744 /* InfoPlist.strings in Resources */ = {isa = PBXBuildFile; fileRef = CCF5A4761ACA851A006D2744 /* InfoPlist.strings */; };
		CCF5A47A1ACA851A006D2744 /* DrawImageDemoTests.m in Sources */ = {isa = PBXBuildFile; fileRef = CCF5A4791ACA851A006D2744 /* DrawImageDemoTests.m */; };
/* End PBXBuildFile section */

/* Begin PBXContainerItemProxy section */
		CCF5A4711ACA851A006D2744 /* PBXContainerItemProxy */ = {
			isa = PBXContainerItemProxy;
			containerPortal = CCF5A4431ACA851A006D2744 /* Project object */;
			proxyType = 1;
			remoteGlobalIDString = CCF5A44A1ACA851A006D2744;
			remoteInfo = DrawImageDemo;
		};
/* End PBXContainerItemProxy section */

/* Begin PBXFileReference section */
		CCF5A44B1ACA851A006D2744 /* DrawImageDemo.app */ = {isa = PBXFileReference; explicitFileType = wrapper.application; includeInIndex = 0; path = DrawImageDemo.app; sourceTree = BUILT_PRODUCTS_DIR; };
		CCF5A44E1ACA851A006D2744 /* Foundation.framework */ = {isa = PBXFileReference; lastKnownFileType = wrapper.framework; name = Foundation.framework; path = System/Library/Frameworks/Foundation.framework; sourceTree = SDKROOT; };
		CCF5A4501ACA851A006D2744 /* CoreGraphics.framework */ = {isa = PBXFileReference; lastKnownFileType = wrapper.framework; name = CoreGraphics.framework; path = System/Library/Frameworks/CoreGraphics.framework; sourceTree = SDKROOT; };
		CCF5A4521ACA851A006D2744 /* UIKit.framework */ = {isa = PBXFileReference; lastKnownFileType = wrapper.framework; name = UIKit.framework; path = System/Library/Frameworks/UIKit.framework; sourceTree = SDKROOT; };
		CCF5A4561ACA851A006D2744 /* DrawImageDemo-Info.plist */ = {isa = PBXFileReference; lastKnownFileType = text.plist.xml; path = "DrawImageDemo-Info.plist"; sourceTree = "<group>"; };
		CCF5A4581ACA851A006D2744 /* en */ = {isa = PBXFileReference; lastKnownFileType = text.plist.strings; name = en; path = en.lproj/InfoPlist.strings; sourceTree = "<group>"; };
		CCF5A45A1ACA851A006D2744 /* main.m */ = {isa = PBXFileReference; lastKnownFileType = sourcecode.c.objc; path = main.m; sourceTree = "<group>"; };
		CCF5A45C1ACA851A006D2744 /* DrawImageDemo-Prefix.pch */ = {isa = PBXFileReference; lastKnownFileType = sourcecode.c.h; path = "DrawImageDemo-Prefix.pch"; sourceTree = "<group>"; };
		CCF5A45D1ACA851A006D2744 /* QYAppDelegate.h */ = {isa = PBXFileReference; lastKnownFileType = sourcecode.c.h; path = QYAppDelegate.h; sourceTree = "<group>"; };
		CCF5A45E1ACA851A006D2744 /* QYAppDelegate.m */ = {isa = PBXFileReference; lastKnownFileType = sourcecode.c.objc; path = QYAppDelegate.m; sourceTree = "<group>"; };
		CCF5A4611ACA851A006D2744 /* Base */ = {isa = PBXFileReference; lastKnownFileType = file.storyboard; name = Base; path = Base.lproj/Main.storyboard; sourceTree = "<group>"; };
		CCF5A4631ACA851A006D2744 /* QYViewController.h */ = {isa = PBXFileReference; lastKnownFileType = sourcecode.c.h; path = QYViewController.h; sourceTree = "<group>"; };
		CCF5A4641ACA851A006D2744 /* QYViewController.m */ = {isa = PBXFileReference; lastKnownFileType = sourcecode.c.objc; path = QYViewController.m; sourceTree = "<group>"; };
		CCF5A4661ACA851A006D2744 /* Images.xcassets */ = {isa = PBXFileReference; lastKnownFileType = folder.assetcatalog; path = Images.xcassets; sourceTree = "<group>"; };
		CCF5A46C1ACA851A006D2744 /* DrawImageDemoTests.xctest */ = {isa = PBXFileReference; explicitFileType = wrapper.cfbundle; includeInIndex = 0; path = DrawImageDemoTests.xctest; sourceTree = BUILT_PRODUCTS_DIR; };
		CCF5A46D1ACA851A006D2744 /* XCTest.framework */ = {isa = PBXFileReference; lastKnownFileType = wrapper.framework; name = XCTest.framework; path = Library/Frameworks/XCTest.framework; sourceTree = DEVELOPER_DIR; };
		CCF5A4751ACA851A006D2744 /* DrawImageDemoTests-Info.plist */ = {isa = PBXFileReference; lastKnownFileType = text.plist.xml; path = "DrawImageDemoTests-Info.plist"; sourceTree = "<group>"; };
		CCF5A4771ACA851A006D2744 /* en */ = {isa = PBXFileReference; lastKnownFileType = text.plist.strings; name = en; path = en.lproj/InfoPlist.strings; sourceTree = "<group>"; };
		CCF5A4791ACA851A006D2744 /* DrawImageDemoTests.m */ = {isa = PBXFileReference; lastKnownFileType = sourcecode.c.objc; path = DrawImageDemoTests.m; sourceTree = "<group>"; };
/* End PBXFileReference section */

/* Begin PBXFrameworksBuildPhase section */
		CCF5A4481ACA851A006D2744 /* Frameworks */ = {
			isa = PBXFrameworksBuildPhase;
			buildActionMask = 2147483647;
			files = (
				CCF5A4511ACA851A006D2744 /* CoreGraphics.framework in Frameworks */,
				CCF5A4531ACA851A006D2744 /* UIKit.framework in Frameworks */,
				CCF5A44F1ACA851A006D2744 /* Foundation.framework in Frameworks */,
			);
			runOnlyForDeploymentPostprocessing = 0;
		};
		CCF5A4691ACA851A006D2744 /* Frameworks */ = {
			isa = PBXFrameworksBuildPhase;
			buildActionMask = 2147483647;
			files = (
				CCF5A46E1ACA851A006D2744 /* XCTest.framework in Frameworks */,
				CCF5A4701ACA851A006D2744 /* UIKit.framework in Frameworks */,
				CCF5A46F1ACA851A006D2744 /* Foundation.framework in Frameworks */,
			);
			runOnlyForDeploymentPostprocessing = 0;
		};
/* End PBXFrameworksBuildPhase section */

/* Begin PBXGroup section */
		CCF5A4421ACA851A006D2744 = {
			isa = PBXGroup;
			children = (
				CCF5A4541ACA851A006D2744 /* DrawImageDemo */,
				CCF5A4731ACA851A006D2744 /* DrawImageDemoTests */,
				CCF5A44D1ACA851A006D2744 /* Frameworks */,
				CCF5A44C1ACA851A006D2744 /* Products */,
			);
			sourceTree = "<group>";
		};
		CCF5A44C1ACA851A006D2744 /* Products */ = {
			isa = PBXGroup;
			children = (
				CCF5A44B1ACA851A006D2744 /* DrawImageDemo.app */,
				CCF5A46C1ACA851A006D2744 /* DrawImageDemoTests.xctest */,
			);
			name = Products;
			sourceTree = "<group>";
		};
		CCF5A44D1ACA851A006D2744 /* Frameworks */ = {
			isa = PBXGroup;
			children = (
				CCF5A44E1ACA851A006D2744 /* Foundation.framework */,
				CCF5A4501ACA851A006D2744 /* CoreGraphics.framework */,
				CCF5A4521ACA851A006D2744 /* UIKit.framework */,
				CCF5A46D1ACA851A006D2744 /* XCTest.framework */,
			);
			name = Frameworks;
			sourceTree = "<group>";
		};
		CCF5A4541ACA851A006D2744 /* DrawImageDemo */ = {
			isa = PBXGroup;
			children = (
				CCF5A45D1ACA851A006D2744 /* QYAppDelegate.h */,
				CCF5A45E1ACA851A006D2744 /* QYAppDelegate.m */,
				CCF5A4601ACA851A006D2744 /* Main.storyboard */,
				CCF5A4631ACA851A006D2744 /* QYViewController.h */,
				CCF5A4641ACA851A006D2744 /* QYViewController.m */,
				CCF5A4661ACA851A006D2744 /* Images.xcassets */,
				CCF5A4551ACA851A006D2744 /* Supporting Files */,
			);
			path = DrawImageDemo;
			sourceTree = "<group>";
		};
		CCF5A4551ACA851A006D2744 /* Supporting Files */ = {
			isa = PBXGroup;
			children = (
				CCF5A4561ACA851A006D2744 /* DrawImageDemo-Info.plist */,
				CCF5A4571ACA851A006D2744 /* InfoPlist.strings */,
				CCF5A45A1ACA851A006D2744 /* main.m */,
				CCF5A45C1ACA851A006D2744 /* DrawImageDemo-Prefix.pch */,
			);
			name = "Supporting Files";
			sourceTree = "<group>";
		};
		CCF5A4731ACA851A006D2744 /* DrawImageDemoTests */ = {
			isa = PBXGroup;
			children = (
				CCF5A4791ACA851A006D2744 /* DrawImageDemoTests.m */,
				CCF5A4741ACA851A006D2744 /* Supporting Files */,
			);
			path = DrawImageDemoTests;
			sourceTree = "<group>";
		};
		CCF5A4741ACA851A006D2744 /* Supporting Files */ = {
			isa = PBXGroup;
			children = (
				CCF5A4751ACA851A006D2744 /* DrawImageDemoTests-Info.plist */,
				CCF5A4761ACA851A006D2744 /* InfoPlist.strings */,
			);
			name = "Supporting Files";
			sourceTree = "<group>";
		};
/* End PBXGroup section */

/* Begin PBXNativeTarget section */
		CCF5A44A1ACA851A006D2744 /* DrawImageDemo */ = {
			isa = PBXNativeTarget;
			buildConfigurationList = CCF5A47D1ACA851A006D2744 /* Build configuration list for PBXNativeTarget "DrawImageDemo" */;
			buildPhases = (
				CCF5A4471ACA851A006D2744 /* Sources */,
				CCF5A4481ACA851A006D2744 /* Frameworks */,
				CCF5A4491ACA851A006D2744 /* Resources */,
			);
			buildRules = (
			);
			dependencies = (
			);
			name = DrawImageDemo;
			productName = DrawImageDemo;
			productReference = CCF5A44B1ACA851A006D2744 /* DrawImageDemo.app */;
			productType = "com.apple.product-type.application";
		};
		CCF5A46B1ACA851A006D2744 /* DrawImageDemoTests */ = {
			isa = PBXNativeTarget;
			buildConfigurationList = CCF5A4801ACA851A006D2744 /* Build configuration list for PBXNativeTarget "DrawImageDemoTests" */;
			buildPhases = (
				CCF5A4681ACA851A006D2744 /* Sources */,
				CCF5A4691ACA851A006D2744 /* Frameworks */,
				CCF5A46A1ACA851A006D2744 /* Resources */,
			);
			buildRules = (
			);
			dependencies = (
				CCF5A4721ACA851A006D2744 /* PBXTargetDependency */,
			);
			name = DrawImageDemoTests;
			productName = DrawImageDemoTests;
			productReference = CCF5A46C1ACA851A006D2744 /* DrawImageDemoTests.xctest */;
			productType = "com.apple.product-type.bundle.unit-test";
		};
/* End PBXNativeTarget section */

/* Begin PBXProject section */
		CCF5A4431ACA851A006D2744 /* Project object */ = {
			isa = PBXProject;
			attributes = {
				CLASSPREFIX = QY;
				LastUpgradeCheck = 0510;
				ORGANIZATIONNAME = hnqingyun.com;
				TargetAttributes = {
					CCF5A46B1ACA851A006D2744 = {
						TestTargetID = CCF5A44A1ACA851A006D2744;
					};
				};
			};
			buildConfigurationList = CCF5A4461ACA851A006D2744 /* Build configuration list for PBXProject "DrawImageDemo" */;
			compatibilityVersion = "Xcode 3.2";
			developmentRegion = English;
			hasScannedForEncodings = 0;
			knownRegions = (
				en,
				Base,
			);
			mainGroup = CCF5A4421ACA851A006D2744;
			productRefGroup = CCF5A44C1ACA851A006D2744 /* Products */;
			projectDirPath = "";
			projectRoot = "";
			targets = (
				CCF5A44A1ACA851A006D2744 /* DrawImageDemo */,
				CCF5A46B1ACA851A006D2744 /* DrawImageDemoTests */,
			);
		};
/* End PBXProject section */

/* Begin PBXResourcesBuildPhase section */
		CCF5A4491ACA851A006D2744 /* Resources */ = {
			isa = PBXResourcesBuildPhase;
			buildActionMask = 2147483647;
			files = (
				CCF5A4671ACA851A006D2744 /* Images.xcassets in Resources */,
				CCF5A4591ACA851A006D2744 /* InfoPlist.strings in Resources */,
				CCF5A4621ACA851A006D2744 /* Main.storyboard in Resources */,
			);
			runOnlyForDeploymentPostprocessing = 0;
		};
		CCF5A46A1ACA851A006D2744 /* Resources */ = {
			isa = PBXResourcesBuildPhase;
			buildActionMask = 2147483647;
			files = (
				CCF5A4781ACA851A006D2744 /* InfoPlist.strings in Resources */,
			);
			runOnlyForDeploymentPostprocessing = 0;
		};
/* End PBXResourcesBuildPhase section */

/* Begin PBXSourcesBuildPhase section */
		CCF5A4471ACA851A006D2744 /* Sources */ = {
			isa = PBXSourcesBuildPhase;
			buildActionMask = 2147483647;
			files = (
				CCF5A45F1ACA851A006D2744 /* QYAppDelegate.m in Sources */,
				CCF5A45B1ACA851A006D2744 /* main.m in Sources */,
				CCF5A4651ACA851A006D2744 /* QYViewController.m in Sources */,
			);
			runOnlyForDeploymentPostprocessing = 0;
		};
		CCF5A4681ACA851A006D2744 /* Sources */ = {
			isa = PBXSourcesBuildPhase;
			buildActionMask = 2147483647;
			files = (
				CCF5A47A1ACA851A006D2744 /* DrawImageDemoTests.m in Sources */,
			);
			runOnlyForDeploymentPostprocessing = 0;
		};
/* End PBXSourcesBuildPhase section */

/* Begin PBXTargetDependency section */
		CCF5A4721ACA851A006D2744 /* PBXTargetDependency */ = {
			isa = PBXTargetDependency;
			target = CCF5A44A1ACA851A006D2744 /* DrawImageDemo */;
			targetProxy = CCF5A4711ACA851A006D2744 /* PBXContainerItemProxy */;
		};
/* End PBXTargetDependency section */

/* Begin PBXVariantGroup section */
		CCF5A4571ACA851A006D2744 /* InfoPlist.strings */ = {
			isa = PBXVariantGroup;
			children = (
				CCF5A4581ACA851A006D2744 /* en */,
			);
			name = InfoPlist.strings;
			sourceTree = "<group>";
		};
		CCF5A4601ACA851A006D2744 /* Main.storyboard */ = {
			isa = PBXVariantGroup;
			children = (
				CCF5A4611ACA851A006D2744 /* Base */,
			);
			name = Main.storyboard;
			sourceTree = "<group>";
		};
		CCF5A4761ACA851A006D2744 /* InfoPlist.strings */ = {
			isa = PBXVariantGroup;
			children = (
				CCF5A4771ACA851A006D2744 /* en */,
			);
			name = InfoPlist.strings;
			sourceTree = "<group>";
		};
/* End PBXVariantGroup section */

/* Begin XCBuildConfiguration section */
		CCF5A47B1ACA851A006D2744 /* Debug */ = {
			isa = XCBuildConfiguration;
			buildSettings = {
				ALWAYS_SEARCH_USER_PATHS = NO;
				CLANG_CXX_LANGUAGE_STANDARD = "gnu++0x";
				CLANG_CXX_LIBRARY = "libc++";
				CLANG_ENABLE_MODULES = YES;
				CLANG_ENABLE_OBJC_ARC = YES;
				CLANG_WARN_BOOL_CONVERSION = YES;
				CLANG_WARN_CONSTANT_CONVERSION = YES;
				CLANG_WARN_DIRECT_OBJC_ISA_USAGE = YES_ERROR;
				CLANG_WARN_EMPTY_BODY = YES;
				CLANG_WARN_ENUM_CONVERSION = YES;
				CLANG_WARN_INT_CONVERSION = YES;
				CLANG_WARN_OBJC_ROOT_CLASS = YES_ERROR;
				CLANG_WARN__DUPLICATE_METHOD_MATCH = YES;
				"CODE_SIGN_IDENTITY[sdk=iphoneos*]" = "iPhone Developer";
				COPY_PHASE_STRIP = NO;
				GCC_C_LANGUAGE_STANDARD = gnu99;
				GCC_DYNAMIC_NO_PIC = NO;
				GCC_OPTIMIZATION_LEVEL = 0;
				GCC_PREPROCESSOR_DEFINITIONS = (
					"DEBUG=1",
					"$(inherited)",
				);
				GCC_SYMBOLS_PRIVATE_EXTERN = NO;
				GCC_WARN_64_TO_32_BIT_CONVERSION = YES;
				GCC_WARN_ABOUT_RETURN_TYPE = YES_ERROR;
				GCC_WARN_UNDECLARED_SELECTOR = YES;
				GCC_WARN_UNINITIALIZED_AUTOS = YES_AGGRESSIVE;
				GCC_WARN_UNUSED_FUNCTION = YES;
				GCC_WARN_UNUSED_VARIABLE = YES;
				IPHONEOS_DEPLOYMENT_TARGET = 7.1;
				ONLY_ACTIVE_ARCH = YES;
				SDKROOT = iphoneos;
			};
			name = Debug;
		};
		CCF5A47C1ACA851A006D2744 /* Release */ = {
			isa = XCBuildConfiguration;
			buildSettings = {
				ALWAYS_SEARCH_USER_PATHS = NO;
				CLANG_CXX_LANGUAGE_STANDARD = "gnu++0x";
				CLANG_CXX_LIBRARY = "libc++";
				CLANG_ENABLE_MODULES = YES;
				CLANG_ENABLE_OBJC_ARC = YES;
				CLANG_WARN_BOOL_CONVERSION = YES;
				CLANG_WARN_CONSTANT_CONVERSION = YES;
				CLANG_WARN_DIRECT_OBJC_ISA_USAGE = YES_ERROR;
				CLANG_WARN_EMPTY_BODY = YES;
				CLANG_WARN_ENUM_CONVERSION = YES;
				CLANG_WARN_INT_CONVERSION = YES;
				CLANG_WARN_OBJC_ROOT_CLASS = YES_ERROR;
				CLANG_WARN__DUPLICATE_METHOD_MATCH = YES;
				"CODE_SIGN_IDENTITY[sdk=iphoneos*]" = "iPhone Developer";
				COPY_PHASE_STRIP = YES;
				ENABLE_NS_ASSERTIONS = NO;
				GCC_C_LANGUAGE_STANDARD = gnu99;
				GCC_WARN_64_TO_32_BIT_CONVERSION = YES;
				GCC_WARN_ABOUT_RETURN_TYPE = YES_ERROR;
				GCC_WARN_UNDECLARED_SELECTOR = YES;
				GCC_WARN_UNINITIALIZED_AUTOS = YES_AGGRESSIVE;
				GCC_WARN_UNUSED_FUNCTION = YES;
				GCC_WARN_UNUSED_VARIABLE = YES;
				IPHONEOS_DEPLOYMENT_TARGET = 7.1;
				SDKROOT = iphoneos;
				VALIDATE_PRODUCT = YES;
			};
			name = Release;
		};
		CCF5A47E1ACA851A006D2744 /* Debug */ = {
			isa = XCBuildConfiguration;
			buildSettings = {
				ASSETCATALOG_COMPILER_APPICON_NAME = AppIcon;
				ASSETCATALOG_COMPILER_LAUNCHIMAGE_NAME = LaunchImage;
				GCC_PRECOMPILE_PREFIX_HEADER = YES;
				GCC_PREFIX_HEADER = "DrawImageDemo/DrawImageDemo-Prefix.pch";
				INFOPLIST_FILE = "DrawImageDemo/DrawImageDemo-Info.plist";
				PRODUCT_NAME = "$(TARGET_NAME)";
				WRAPPER_EXTENSION = app;
			};
			name = Debug;
		};
		CCF5A47F1ACA851A006D2744 /* Release */ = {
			isa = XCBuildConfiguration;
			buildSettings = {
				ASSETCATALOG_COMPILER_APPICON_NAME = AppIcon;
				ASSETCATALOG_COMPILER_LAUNCHIMAGE_NAME = LaunchImage;
				GCC_PRECOMPILE_PREFIX_HEADER = YES;
				GCC_PREFIX_HEADER = "DrawImageDemo/DrawImageDemo-Prefix.pch";
				INFOPLIST_FILE = "DrawImageDemo/DrawImageDemo-Info.plist";
				PRODUCT_NAME = "$(TARGET_NAME)";
				WRAPPER_EXTENSION = app;
			};
			name = Release;
		};
		CCF5A4811ACA851A006D2744 /* Debug */ = {
			isa = XCBuildConfiguration;
			buildSettings = {
				BUNDLE_LOADER = "$(BUILT_PRODUCTS_DIR)/DrawImageDemo.app/DrawImageDemo";
				FRAMEWORK_SEARCH_PATHS = (
					"$(SDKROOT)/Developer/Library/Frameworks",
					"$(inherited)",
					"$(DEVELOPER_FRAMEWORKS_DIR)",
				);
				GCC_PRECOMPILE_PREFIX_HEADER = YES;
				GCC_PREFIX_HEADER = "DrawImageDemo/DrawImageDemo-Prefix.pch";
				GCC_PREPROCESSOR_DEFINITIONS = (
					"DEBUG=1",
					"$(inherited)",
				);
				INFOPLIST_FILE = "DrawImageDemoTests/DrawImageDemoTests-Info.plist";
				PRODUCT_NAME = "$(TARGET_NAME)";
				TEST_HOST = "$(BUNDLE_LOADER)";
				WRAPPER_EXTENSION = xctest;
			};
			name = Debug;
		};
		CCF5A4821ACA851A006D2744 /* Release */ = {
			isa = XCBuildConfiguration;
			buildSettings = {
				BUNDLE_LOADER = "$(BUILT_PRODUCTS_DIR)/DrawImageDemo.app/DrawImageDemo";
				FRAMEWORK_SEARCH_PATHS = (
					"$(SDKROOT)/Developer/Library/Frameworks",
					"$(inherited)",
					"$(DEVELOPER_FRAMEWORKS_DIR)",
				);
				GCC_PRECOMPILE_PREFIX_HEADER = YES;
				GCC_PREFIX_HEADER = "DrawImageDemo/DrawImageDemo-Prefix.pch";
				INFOPLIST_FILE = "DrawImageDemoTests/DrawImageDemoTests-Info.plist";
				PRODUCT_NAME = "$(TARGET_NAME)";
				TEST_HOST = "$(BUNDLE_LOADER)";
				WRAPPER_EXTENSION = xctest;
			};
			name = Release;
		};
/* End XCBuildConfiguration section */

/* Begin XCConfigurationList section */
		CCF5A4461ACA851A006D2744 /* Build configuration list for PBXProject "DrawImageDemo" */ = {
			isa = XCConfigurationList;
			buildConfigurations = (
				CCF5A47B1ACA851A006D2744 /* Debug */,
				CCF5A47C1ACA851A006D2744 /* Release */,
			);
			defaultConfigurationIsVisible = 0;
			defaultConfigurationName = Release;
		};
		CCF5A47D1ACA851A006D2744 /* Build configuration list for PBXNativeTarget "DrawImageDemo" */ = {
			isa = XCConfigurationList;
			buildConfigurations = (
				CCF5A47E1ACA851A006D2744 /* Debug */,
				CCF5A47F1ACA851A006D2744 /* Release */,
			);
			defaultConfigurationIsVisible = 0;
		};
		CCF5A4801ACA851A006D2744 /* Build configuration list for PBXNativeTarget "DrawImageDemoTests" */ = {
			isa = XCConfigurationList;
			buildConfigurations = (
				CCF5A4811ACA851A006D2744 /* Debug */,
				CCF5A4821ACA851A006D2744 /* Release */,
			);
			defaultConfigurationIsVisible = 0;
		};
/* End XCConfigurationList section */
	};
	rootObject = CCF5A4431ACA851A006D2744 /* Project object */;
}
