// !$*UTF8*$!
{
	archiveVersion = 1;
	classes = {
	};
	objectVersion = 46;
	objects = {

/* Begin PBXBuildFile section */
		CCDBF18E1ACA383800356A47 /* Foundation.framework in Frameworks */ = {isa = PBXBuildFile; fileRef = CCDBF18D1ACA383800356A47 /* Foundation.framework */; };
		CCDBF1901ACA383800356A47 /* CoreGraphics.framework in Frameworks */ = {isa = PBXBuildFile; fileRef = CCDBF18F1ACA383800356A47 /* CoreGraphics.framework */; };
		CCDBF1921ACA383800356A47 /* UIKit.framework in Frameworks */ = {isa = PBXBuildFile; fileRef = CCDBF1911ACA383800356A47 /* UIKit.framework */; };
		CCDBF1981ACA383800356A47 /* InfoPlist.strings in Resources */ = {isa = PBXBuildFile; fileRef = CCDBF1961ACA383800356A47 /* InfoPlist.strings */; };
		CCDBF19A1ACA383800356A47 /* main.m in Sources */ = {isa = PBXBuildFile; fileRef = CCDBF1991ACA383800356A47 /* main.m */; };
		CCDBF19E1ACA383800356A47 /* QYAppDelegate.m in Sources */ = {isa = PBXBuildFile; fileRef = CCDBF19D1ACA383800356A47 /* QYAppDelegate.m */; };
		CCDBF1A11ACA383900356A47 /* Main.storyboard in Resources */ = {isa = PBXBuildFile; fileRef = CCDBF19F1ACA383900356A47 /* Main.storyboard */; };
		CCDBF1A41ACA383900356A47 /* QYViewController.m in Sources */ = {isa = PBXBuildFile; fileRef = CCDBF1A31ACA383900356A47 /* QYViewController.m */; };
		CCDBF1A61ACA383900356A47 /* Images.xcassets in Resources */ = {isa = PBXBuildFile; fileRef = CCDBF1A51ACA383900356A47 /* Images.xcassets */; };
		CCDBF1AD1ACA383900356A47 /* XCTest.framework in Frameworks */ = {isa = PBXBuildFile; fileRef = CCDBF1AC1ACA383900356A47 /* XCTest.framework */; };
		CCDBF1AE1ACA383900356A47 /* Foundation.framework in Frameworks */ = {isa = PBXBuildFile; fileRef = CCDBF18D1ACA383800356A47 /* Foundation.framework */; };
		CCDBF1AF1ACA383900356A47 /* UIKit.framework in Frameworks */ = {isa = PBXBuildFile; fileRef = CCDBF1911ACA383800356A47 /* UIKit.framework */; };
		CCDBF1B71ACA383900356A47 /* InfoPlist.strings in Resources */ = {isa = PBXBuildFile; fileRef = CCDBF1B51ACA383900356A47 /* InfoPlist.strings */; };
		CCDBF1B91ACA383900356A47 /* DemoBezierPathTests.m in Sources */ = {isa = PBXBuildFile; fileRef = CCDBF1B81ACA383900356A47 /* DemoBezierPathTests.m */; };
		CCDBF1C41ACA388900356A47 /* QYView.m in Sources */ = {isa = PBXBuildFile; fileRef = CCDBF1C31ACA388900356A47 /* QYView.m */; };
/* End PBXBuildFile section */

/* Begin PBXContainerItemProxy section */
		CCDBF1B01ACA383900356A47 /* PBXContainerItemProxy */ = {
			isa = PBXContainerItemProxy;
			containerPortal = CCDBF1821ACA383800356A47 /* Project object */;
			proxyType = 1;
			remoteGlobalIDString = CCDBF1891ACA383800356A47;
			remoteInfo = DemoBezierPath;
		};
/* End PBXContainerItemProxy section */

/* Begin PBXFileReference section */
		CCDBF18A1ACA383800356A47 /* DemoBezierPath.app */ = {isa = PBXFileReference; explicitFileType = wrapper.application; includeInIndex = 0; path = DemoBezierPath.app; sourceTree = BUILT_PRODUCTS_DIR; };
		CCDBF18D1ACA383800356A47 /* Foundation.framework */ = {isa = PBXFileReference; lastKnownFileType = wrapper.framework; name = Foundation.framework; path = System/Library/Frameworks/Foundation.framework; sourceTree = SDKROOT; };
		CCDBF18F1ACA383800356A47 /* CoreGraphics.framework */ = {isa = PBXFileReference; lastKnownFileType = wrapper.framework; name = CoreGraphics.framework; path = System/Library/Frameworks/CoreGraphics.framework; sourceTree = SDKROOT; };
		CCDBF1911ACA383800356A47 /* UIKit.framework */ = {isa = PBXFileReference; lastKnownFileType = wrapper.framework; name = UIKit.framework; path = System/Library/Frameworks/UIKit.framework; sourceTree = SDKROOT; };
		CCDBF1951ACA383800356A47 /* DemoBezierPath-Info.plist */ = {isa = PBXFileReference; lastKnownFileType = text.plist.xml; path = "DemoBezierPath-Info.plist"; sourceTree = "<group>"; };
		CCDBF1971ACA383800356A47 /* en */ = {isa = PBXFileReference; lastKnownFileType = text.plist.strings; name = en; path = en.lproj/InfoPlist.strings; sourceTree = "<group>"; };
		CCDBF1991ACA383800356A47 /* main.m */ = {isa = PBXFileReference; lastKnownFileType = sourcecode.c.objc; path = main.m; sourceTree = "<group>"; };
		CCDBF19B1ACA383800356A47 /* DemoBezierPath-Prefix.pch */ = {isa = PBXFileReference; lastKnownFileType = sourcecode.c.h; path = "DemoBezierPath-Prefix.pch"; sourceTree = "<group>"; };
		CCDBF19C1ACA383800356A47 /* QYAppDelegate.h */ = {isa = PBXFileReference; lastKnownFileType = sourcecode.c.h; path = QYAppDelegate.h; sourceTree = "<group>"; };
		CCDBF19D1ACA383800356A47 /* QYAppDelegate.m */ = {isa = PBXFileReference; lastKnownFileType = sourcecode.c.objc; path = QYAppDelegate.m; sourceTree = "<group>"; };
		CCDBF1A01ACA383900356A47 /* Base */ = {isa = PBXFileReference; lastKnownFileType = file.storyboard; name = Base; path = Base.lproj/Main.storyboard; sourceTree = "<group>"; };
		CCDBF1A21ACA383900356A47 /* QYViewController.h */ = {isa = PBXFileReference; lastKnownFileType = sourcecode.c.h; path = QYViewController.h; sourceTree = "<group>"; };
		CCDBF1A31ACA383900356A47 /* QYViewController.m */ = {isa = PBXFileReference; lastKnownFileType = sourcecode.c.objc; path = QYViewController.m; sourceTree = "<group>"; };
		CCDBF1A51ACA383900356A47 /* Images.xcassets */ = {isa = PBXFileReference; lastKnownFileType = folder.assetcatalog; path = Images.xcassets; sourceTree = "<group>"; };
		CCDBF1AB1ACA383900356A47 /* DemoBezierPathTests.xctest */ = {isa = PBXFileReference; explicitFileType = wrapper.cfbundle; includeInIndex = 0; path = DemoBezierPathTests.xctest; sourceTree = BUILT_PRODUCTS_DIR; };
		CCDBF1AC1ACA383900356A47 /* XCTest.framework */ = {isa = PBXFileReference; lastKnownFileType = wrapper.framework; name = XCTest.framework; path = Library/Frameworks/XCTest.framework; sourceTree = DEVELOPER_DIR; };
		CCDBF1B41ACA383900356A47 /* DemoBezierPathTests-Info.plist */ = {isa = PBXFileReference; lastKnownFileType = text.plist.xml; path = "DemoBezierPathTests-Info.plist"; sourceTree = "<group>"; };
		CCDBF1B61ACA383900356A47 /* en */ = {isa = PBXFileReference; lastKnownFileType = text.plist.strings; name = en; path = en.lproj/InfoPlist.strings; sourceTree = "<group>"; };
		CCDBF1B81ACA383900356A47 /* DemoBezierPathTests.m */ = {isa = PBXFileReference; lastKnownFileType = sourcecode.c.objc; path = DemoBezierPathTests.m; sourceTree = "<group>"; };
		CCDBF1C21ACA388900356A47 /* QYView.h */ = {isa = PBXFileReference; fileEncoding = 4; lastKnownFileType = sourcecode.c.h; path = QYView.h; sourceTree = "<group>"; };
		CCDBF1C31ACA388900356A47 /* QYView.m */ = {isa = PBXFileReference; fileEncoding = 4; lastKnownFileType = sourcecode.c.objc; path = QYView.m; sourceTree = "<group>"; };
/* End PBXFileReference section */

/* Begin PBXFrameworksBuildPhase section */
		CCDBF1871ACA383800356A47 /* Frameworks */ = {
			isa = PBXFrameworksBuildPhase;
			buildActionMask = 2147483647;
			files = (
				CCDBF1901ACA383800356A47 /* CoreGraphics.framework in Frameworks */,
				CCDBF1921ACA383800356A47 /* UIKit.framework in Frameworks */,
				CCDBF18E1ACA383800356A47 /* Foundation.framework in Frameworks */,
			);
			runOnlyForDeploymentPostprocessing = 0;
		};
		CCDBF1A81ACA383900356A47 /* Frameworks */ = {
			isa = PBXFrameworksBuildPhase;
			buildActionMask = 2147483647;
			files = (
				CCDBF1AD1ACA383900356A47 /* XCTest.framework in Frameworks */,
				CCDBF1AF1ACA383900356A47 /* UIKit.framework in Frameworks */,
				CCDBF1AE1ACA383900356A47 /* Foundation.framework in Frameworks */,
			);
			runOnlyForDeploymentPostprocessing = 0;
		};
/* End PBXFrameworksBuildPhase section */

/* Begin PBXGroup section */
		CCDBF1811ACA383800356A47 = {
			isa = PBXGroup;
			children = (
				CCDBF1931ACA383800356A47 /* DemoBezierPath */,
				CCDBF1B21ACA383900356A47 /* DemoBezierPathTests */,
				CCDBF18C1ACA383800356A47 /* Frameworks */,
				CCDBF18B1ACA383800356A47 /* Products */,
			);
			sourceTree = "<group>";
		};
		CCDBF18B1ACA383800356A47 /* Products */ = {
			isa = PBXGroup;
			children = (
				CCDBF18A1ACA383800356A47 /* DemoBezierPath.app */,
				CCDBF1AB1ACA383900356A47 /* DemoBezierPathTests.xctest */,
			);
			name = Products;
			sourceTree = "<group>";
		};
		CCDBF18C1ACA383800356A47 /* Frameworks */ = {
			isa = PBXGroup;
			children = (
				CCDBF18D1ACA383800356A47 /* Foundation.framework */,
				CCDBF18F1ACA383800356A47 /* CoreGraphics.framework */,
				CCDBF1911ACA383800356A47 /* UIKit.framework */,
				CCDBF1AC1ACA383900356A47 /* XCTest.framework */,
			);
			name = Frameworks;
			sourceTree = "<group>";
		};
		CCDBF1931ACA383800356A47 /* DemoBezierPath */ = {
			isa = PBXGroup;
			children = (
				CCDBF19C1ACA383800356A47 /* QYAppDelegate.h */,
				CCDBF19D1ACA383800356A47 /* QYAppDelegate.m */,
				CCDBF19F1ACA383900356A47 /* Main.storyboard */,
				CCDBF1A21ACA383900356A47 /* QYViewController.h */,
				CCDBF1A31ACA383900356A47 /* QYViewController.m */,
				CCDBF1C21ACA388900356A47 /* QYView.h */,
				CCDBF1C31ACA388900356A47 /* QYView.m */,
				CCDBF1A51ACA383900356A47 /* Images.xcassets */,
				CCDBF1941ACA383800356A47 /* Supporting Files */,
			);
			path = DemoBezierPath;
			sourceTree = "<group>";
		};
		CCDBF1941ACA383800356A47 /* Supporting Files */ = {
			isa = PBXGroup;
			children = (
				CCDBF1951ACA383800356A47 /* DemoBezierPath-Info.plist */,
				CCDBF1961ACA383800356A47 /* InfoPlist.strings */,
				CCDBF1991ACA383800356A47 /* main.m */,
				CCDBF19B1ACA383800356A47 /* DemoBezierPath-Prefix.pch */,
			);
			name = "Supporting Files";
			sourceTree = "<group>";
		};
		CCDBF1B21ACA383900356A47 /* DemoBezierPathTests */ = {
			isa = PBXGroup;
			children = (
				CCDBF1B81ACA383900356A47 /* DemoBezierPathTests.m */,
				CCDBF1B31ACA383900356A47 /* Supporting Files */,
			);
			path = DemoBezierPathTests;
			sourceTree = "<group>";
		};
		CCDBF1B31ACA383900356A47 /* Supporting Files */ = {
			isa = PBXGroup;
			children = (
				CCDBF1B41ACA383900356A47 /* DemoBezierPathTests-Info.plist */,
				CCDBF1B51ACA383900356A47 /* InfoPlist.strings */,
			);
			name = "Supporting Files";
			sourceTree = "<group>";
		};
/* End PBXGroup section */

/* Begin PBXNativeTarget section */
		CCDBF1891ACA383800356A47 /* DemoBezierPath */ = {
			isa = PBXNativeTarget;
			buildConfigurationList = CCDBF1BC1ACA383900356A47 /* Build configuration list for PBXNativeTarget "DemoBezierPath" */;
			buildPhases = (
				CCDBF1861ACA383800356A47 /* Sources */,
				CCDBF1871ACA383800356A47 /* Frameworks */,
				CCDBF1881ACA383800356A47 /* Resources */,
			);
			buildRules = (
			);
			dependencies = (
			);
			name = DemoBezierPath;
			productName = DemoBezierPath;
			productReference = CCDBF18A1ACA383800356A47 /* DemoBezierPath.app */;
			productType = "com.apple.product-type.application";
		};
		CCDBF1AA1ACA383900356A47 /* DemoBezierPathTests */ = {
			isa = PBXNativeTarget;
			buildConfigurationList = CCDBF1BF1ACA383900356A47 /* Build configuration list for PBXNativeTarget "DemoBezierPathTests" */;
			buildPhases = (
				CCDBF1A71ACA383900356A47 /* Sources */,
				CCDBF1A81ACA383900356A47 /* Frameworks */,
				CCDBF1A91ACA383900356A47 /* Resources */,
			);
			buildRules = (
			);
			dependencies = (
				CCDBF1B11ACA383900356A47 /* PBXTargetDependency */,
			);
			name = DemoBezierPathTests;
			productName = DemoBezierPathTests;
			productReference = CCDBF1AB1ACA383900356A47 /* DemoBezierPathTests.xctest */;
			productType = "com.apple.product-type.bundle.unit-test";
		};
/* End PBXNativeTarget section */

/* Begin PBXProject section */
		CCDBF1821ACA383800356A47 /* Project object */ = {
			isa = PBXProject;
			attributes = {
				CLASSPREFIX = QY;
				LastUpgradeCheck = 0510;
				ORGANIZATIONNAME = hnqingyun.com;
				TargetAttributes = {
					CCDBF1AA1ACA383900356A47 = {
						TestTargetID = CCDBF1891ACA383800356A47;
					};
				};
			};
			buildConfigurationList = CCDBF1851ACA383800356A47 /* Build configuration list for PBXProject "DemoBezierPath" */;
			compatibilityVersion = "Xcode 3.2";
			developmentRegion = English;
			hasScannedForEncodings = 0;
			knownRegions = (
				en,
				Base,
			);
			mainGroup = CCDBF1811ACA383800356A47;
			productRefGroup = CCDBF18B1ACA383800356A47 /* Products */;
			projectDirPath = "";
			projectRoot = "";
			targets = (
				CCDBF1891ACA383800356A47 /* DemoBezierPath */,
				CCDBF1AA1ACA383900356A47 /* DemoBezierPathTests */,
			);
		};
/* End PBXProject section */

/* Begin PBXResourcesBuildPhase section */
		CCDBF1881ACA383800356A47 /* Resources */ = {
			isa = PBXResourcesBuildPhase;
			buildActionMask = 2147483647;
			files = (
				CCDBF1A61ACA383900356A47 /* Images.xcassets in Resources */,
				CCDBF1981ACA383800356A47 /* InfoPlist.strings in Resources */,
				CCDBF1A11ACA383900356A47 /* Main.storyboard in Resources */,
			);
			runOnlyForDeploymentPostprocessing = 0;
		};
		CCDBF1A91ACA383900356A47 /* Resources */ = {
			isa = PBXResourcesBuildPhase;
			buildActionMask = 2147483647;
			files = (
				CCDBF1B71ACA383900356A47 /* InfoPlist.strings in Resources */,
			);
			runOnlyForDeploymentPostprocessing = 0;
		};
/* End PBXResourcesBuildPhase section */

/* Begin PBXSourcesBuildPhase section */
		CCDBF1861ACA383800356A47 /* Sources */ = {
			isa = PBXSourcesBuildPhase;
			buildActionMask = 2147483647;
			files = (
				CCDBF1C41ACA388900356A47 /* QYView.m in Sources */,
				CCDBF19E1ACA383800356A47 /* QYAppDelegate.m in Sources */,
				CCDBF19A1ACA383800356A47 /* main.m in Sources */,
				CCDBF1A41ACA383900356A47 /* QYViewController.m in Sources */,
			);
			runOnlyForDeploymentPostprocessing = 0;
		};
		CCDBF1A71ACA383900356A47 /* Sources */ = {
			isa = PBXSourcesBuildPhase;
			buildActionMask = 2147483647;
			files = (
				CCDBF1B91ACA383900356A47 /* DemoBezierPathTests.m in Sources */,
			);
			runOnlyForDeploymentPostprocessing = 0;
		};
/* End PBXSourcesBuildPhase section */

/* Begin PBXTargetDependency section */
		CCDBF1B11ACA383900356A47 /* PBXTargetDependency */ = {
			isa = PBXTargetDependency;
			target = CCDBF1891ACA383800356A47 /* DemoBezierPath */;
			targetProxy = CCDBF1B01ACA383900356A47 /* PBXContainerItemProxy */;
		};
/* End PBXTargetDependency section */

/* Begin PBXVariantGroup section */
		CCDBF1961ACA383800356A47 /* InfoPlist.strings */ = {
			isa = PBXVariantGroup;
			children = (
				CCDBF1971ACA383800356A47 /* en */,
			);
			name = InfoPlist.strings;
			sourceTree = "<group>";
		};
		CCDBF19F1ACA383900356A47 /* Main.storyboard */ = {
			isa = PBXVariantGroup;
			children = (
				CCDBF1A01ACA383900356A47 /* Base */,
			);
			name = Main.storyboard;
			sourceTree = "<group>";
		};
		CCDBF1B51ACA383900356A47 /* InfoPlist.strings */ = {
			isa = PBXVariantGroup;
			children = (
				CCDBF1B61ACA383900356A47 /* en */,
			);
			name = InfoPlist.strings;
			sourceTree = "<group>";
		};
/* End PBXVariantGroup section */

/* Begin XCBuildConfiguration section */
		CCDBF1BA1ACA383900356A47 /* Debug */ = {
			isa = XCBuildConfiguration;
			buildSettings = {
				ALWAYS_SEARCH_USER_PATHS = NO;
				CLANG_CXX_LANGUAGE_STANDARD = "gnu++0x";
				CLANG_CXX_LIBRARY = "libc++";
				CLANG_ENABLE_MODULES = YES;
				CLANG_ENABLE_OBJC_ARC = YES;
				CLANG_WARN_BOOL_CONVERSION = YES;
				CLANG_WARN_CONSTANT_CONVERSION = YES;
				CLANG_WARN_DIRECT_OBJC_ISA_USAGE = YES_ERROR;
				CLANG_WARN_EMPTY_BODY = YES;
				CLANG_WARN_ENUM_CONVERSION = YES;
				CLANG_WARN_INT_CONVERSION = YES;
				CLANG_WARN_OBJC_ROOT_CLASS = YES_ERROR;
				CLANG_WARN__DUPLICATE_METHOD_MATCH = YES;
				"CODE_SIGN_IDENTITY[sdk=iphoneos*]" = "iPhone Developer";
				COPY_PHASE_STRIP = NO;
				GCC_C_LANGUAGE_STANDARD = gnu99;
				GCC_DYNAMIC_NO_PIC = NO;
				GCC_OPTIMIZATION_LEVEL = 0;
				GCC_PREPROCESSOR_DEFINITIONS = (
					"DEBUG=1",
					"$(inherited)",
				);
				GCC_SYMBOLS_PRIVATE_EXTERN = NO;
				GCC_WARN_64_TO_32_BIT_CONVERSION = YES;
				GCC_WARN_ABOUT_RETURN_TYPE = YES_ERROR;
				GCC_WARN_UNDECLARED_SELECTOR = YES;
				GCC_WARN_UNINITIALIZED_AUTOS = YES_AGGRESSIVE;
				GCC_WARN_UNUSED_FUNCTION = YES;
				GCC_WARN_UNUSED_VARIABLE = YES;
				IPHONEOS_DEPLOYMENT_TARGET = 7.1;
				ONLY_ACTIVE_ARCH = YES;
				SDKROOT = iphoneos;
			};
			name = Debug;
		};
		CCDBF1BB1ACA383900356A47 /* Release */ = {
			isa = XCBuildConfiguration;
			buildSettings = {
				ALWAYS_SEARCH_USER_PATHS = NO;
				CLANG_CXX_LANGUAGE_STANDARD = "gnu++0x";
				CLANG_CXX_LIBRARY = "libc++";
				CLANG_ENABLE_MODULES = YES;
				CLANG_ENABLE_OBJC_ARC = YES;
				CLANG_WARN_BOOL_CONVERSION = YES;
				CLANG_WARN_CONSTANT_CONVERSION = YES;
				CLANG_WARN_DIRECT_OBJC_ISA_USAGE = YES_ERROR;
				CLANG_WARN_EMPTY_BODY = YES;
				CLANG_WARN_ENUM_CONVERSION = YES;
				CLANG_WARN_INT_CONVERSION = YES;
				CLANG_WARN_OBJC_ROOT_CLASS = YES_ERROR;
				CLANG_WARN__DUPLICATE_METHOD_MATCH = YES;
				"CODE_SIGN_IDENTITY[sdk=iphoneos*]" = "iPhone Developer";
				COPY_PHASE_STRIP = YES;
				ENABLE_NS_ASSERTIONS = NO;
				GCC_C_LANGUAGE_STANDARD = gnu99;
				GCC_WARN_64_TO_32_BIT_CONVERSION = YES;
				GCC_WARN_ABOUT_RETURN_TYPE = YES_ERROR;
				GCC_WARN_UNDECLARED_SELECTOR = YES;
				GCC_WARN_UNINITIALIZED_AUTOS = YES_AGGRESSIVE;
				GCC_WARN_UNUSED_FUNCTION = YES;
				GCC_WARN_UNUSED_VARIABLE = YES;
				IPHONEOS_DEPLOYMENT_TARGET = 7.1;
				SDKROOT = iphoneos;
				VALIDATE_PRODUCT = YES;
			};
			name = Release;
		};
		CCDBF1BD1ACA383900356A47 /* Debug */ = {
			isa = XCBuildConfiguration;
			buildSettings = {
				ASSETCATALOG_COMPILER_APPICON_NAME = AppIcon;
				ASSETCATALOG_COMPILER_LAUNCHIMAGE_NAME = LaunchImage;
				GCC_PRECOMPILE_PREFIX_HEADER = YES;
				GCC_PREFIX_HEADER = "DemoBezierPath/DemoBezierPath-Prefix.pch";
				INFOPLIST_FILE = "DemoBezierPath/DemoBezierPath-Info.plist";
				PRODUCT_NAME = "$(TARGET_NAME)";
				WRAPPER_EXTENSION = app;
			};
			name = Debug;
		};
		CCDBF1BE1ACA383900356A47 /* Release */ = {
			isa = XCBuildConfiguration;
			buildSettings = {
				ASSETCATALOG_COMPILER_APPICON_NAME = AppIcon;
				ASSETCATALOG_COMPILER_LAUNCHIMAGE_NAME = LaunchImage;
				GCC_PRECOMPILE_PREFIX_HEADER = YES;
				GCC_PREFIX_HEADER = "DemoBezierPath/DemoBezierPath-Prefix.pch";
				INFOPLIST_FILE = "DemoBezierPath/DemoBezierPath-Info.plist";
				PRODUCT_NAME = "$(TARGET_NAME)";
				WRAPPER_EXTENSION = app;
			};
			name = Release;
		};
		CCDBF1C01ACA383900356A47 /* Debug */ = {
			isa = XCBuildConfiguration;
			buildSettings = {
				BUNDLE_LOADER = "$(BUILT_PRODUCTS_DIR)/DemoBezierPath.app/DemoBezierPath";
				FRAMEWORK_SEARCH_PATHS = (
					"$(SDKROOT)/Developer/Library/Frameworks",
					"$(inherited)",
					"$(DEVELOPER_FRAMEWORKS_DIR)",
				);
				GCC_PRECOMPILE_PREFIX_HEADER = YES;
				GCC_PREFIX_HEADER = "DemoBezierPath/DemoBezierPath-Prefix.pch";
				GCC_PREPROCESSOR_DEFINITIONS = (
					"DEBUG=1",
					"$(inherited)",
				);
				INFOPLIST_FILE = "DemoBezierPathTests/DemoBezierPathTests-Info.plist";
				PRODUCT_NAME = "$(TARGET_NAME)";
				TEST_HOST = "$(BUNDLE_LOADER)";
				WRAPPER_EXTENSION = xctest;
			};
			name = Debug;
		};
		CCDBF1C11ACA383900356A47 /* Release */ = {
			isa = XCBuildConfiguration;
			buildSettings = {
				BUNDLE_LOADER = "$(BUILT_PRODUCTS_DIR)/DemoBezierPath.app/DemoBezierPath";
				FRAMEWORK_SEARCH_PATHS = (
					"$(SDKROOT)/Developer/Library/Frameworks",
					"$(inherited)",
					"$(DEVELOPER_FRAMEWORKS_DIR)",
				);
				GCC_PRECOMPILE_PREFIX_HEADER = YES;
				GCC_PREFIX_HEADER = "DemoBezierPath/DemoBezierPath-Prefix.pch";
				INFOPLIST_FILE = "DemoBezierPathTests/DemoBezierPathTests-Info.plist";
				PRODUCT_NAME = "$(TARGET_NAME)";
				TEST_HOST = "$(BUNDLE_LOADER)";
				WRAPPER_EXTENSION = xctest;
			};
			name = Release;
		};
/* End XCBuildConfiguration section */

/* Begin XCConfigurationList section */
		CCDBF1851ACA383800356A47 /* Build configuration list for PBXProject "DemoBezierPath" */ = {
			isa = XCConfigurationList;
			buildConfigurations = (
				CCDBF1BA1ACA383900356A47 /* Debug */,
				CCDBF1BB1ACA383900356A47 /* Release */,
			);
			defaultConfigurationIsVisible = 0;
			defaultConfigurationName = Release;
		};
		CCDBF1BC1ACA383900356A47 /* Build configuration list for PBXNativeTarget "DemoBezierPath" */ = {
			isa = XCConfigurationList;
			buildConfigurations = (
				CCDBF1BD1ACA383900356A47 /* Debug */,
				CCDBF1BE1ACA383900356A47 /* Release */,
			);
			defaultConfigurationIsVisible = 0;
		};
		CCDBF1BF1ACA383900356A47 /* Build configuration list for PBXNativeTarget "DemoBezierPathTests" */ = {
			isa = XCConfigurationList;
			buildConfigurations = (
				CCDBF1C01ACA383900356A47 /* Debug */,
				CCDBF1C11ACA383900356A47 /* Release */,
			);
			defaultConfigurationIsVisible = 0;
		};
/* End XCConfigurationList section */
	};
	rootObject = CCDBF1821ACA383800356A47 /* Project object */;
}
