// !$*UTF8*$!
{
	archiveVersion = 1;
	classes = {
	};
	objectVersion = 46;
	objects = {

/* Begin PBXBuildFile section */
		CCEAC07C1A8235880037D192 /* Foundation.framework in Frameworks */ = {isa = PBXBuildFile; fileRef = CCEAC07B1A8235880037D192 /* Foundation.framework */; };
		CCEAC07E1A8235880037D192 /* CoreGraphics.framework in Frameworks */ = {isa = PBXBuildFile; fileRef = CCEAC07D1A8235880037D192 /* CoreGraphics.framework */; };
		CCEAC0801A8235890037D192 /* UIKit.framework in Frameworks */ = {isa = PBXBuildFile; fileRef = CCEAC07F1A8235890037D192 /* UIKit.framework */; };
		CCEAC0861A8235890037D192 /* InfoPlist.strings in Resources */ = {isa = PBXBuildFile; fileRef = CCEAC0841A8235890037D192 /* InfoPlist.strings */; };
		CCEAC0881A8235890037D192 /* main.m in Sources */ = {isa = PBXBuildFile; fileRef = CCEAC0871A8235890037D192 /* main.m */; };
		CCEAC08C1A8235890037D192 /* QYAppDelegate.m in Sources */ = {isa = PBXBuildFile; fileRef = CCEAC08B1A8235890037D192 /* QYAppDelegate.m */; };
		CCEAC08F1A8235890037D192 /* Main_iPhone.storyboard in Resources */ = {isa = PBXBuildFile; fileRef = CCEAC08D1A8235890037D192 /* Main_iPhone.storyboard */; };
		CCEAC0921A8235890037D192 /* Main_iPad.storyboard in Resources */ = {isa = PBXBuildFile; fileRef = CCEAC0901A8235890037D192 /* Main_iPad.storyboard */; };
		CCEAC0951A8235890037D192 /* QYViewController.m in Sources */ = {isa = PBXBuildFile; fileRef = CCEAC0941A8235890037D192 /* QYViewController.m */; };
		CCEAC0971A8235890037D192 /* Images.xcassets in Resources */ = {isa = PBXBuildFile; fileRef = CCEAC0961A8235890037D192 /* Images.xcassets */; };
		CCEAC09E1A8235890037D192 /* XCTest.framework in Frameworks */ = {isa = PBXBuildFile; fileRef = CCEAC09D1A8235890037D192 /* XCTest.framework */; };
		CCEAC09F1A8235890037D192 /* Foundation.framework in Frameworks */ = {isa = PBXBuildFile; fileRef = CCEAC07B1A8235880037D192 /* Foundation.framework */; };
		CCEAC0A01A8235890037D192 /* UIKit.framework in Frameworks */ = {isa = PBXBuildFile; fileRef = CCEAC07F1A8235890037D192 /* UIKit.framework */; };
		CCEAC0A81A8235890037D192 /* InfoPlist.strings in Resources */ = {isa = PBXBuildFile; fileRef = CCEAC0A61A8235890037D192 /* InfoPlist.strings */; };
		CCEAC0AA1A8235890037D192 /* ChineseChessTests.m in Sources */ = {isa = PBXBuildFile; fileRef = CCEAC0A91A8235890037D192 /* ChineseChessTests.m */; };
/* End PBXBuildFile section */

/* Begin PBXContainerItemProxy section */
		CCEAC0A11A8235890037D192 /* PBXContainerItemProxy */ = {
			isa = PBXContainerItemProxy;
			containerPortal = CCEAC0701A8235880037D192 /* Project object */;
			proxyType = 1;
			remoteGlobalIDString = CCEAC0771A8235880037D192;
			remoteInfo = ChineseChess;
		};
/* End PBXContainerItemProxy section */

/* Begin PBXFileReference section */
		CCEAC0781A8235880037D192 /* ChineseChess.app */ = {isa = PBXFileReference; explicitFileType = wrapper.application; includeInIndex = 0; path = ChineseChess.app; sourceTree = BUILT_PRODUCTS_DIR; };
		CCEAC07B1A8235880037D192 /* Foundation.framework */ = {isa = PBXFileReference; lastKnownFileType = wrapper.framework; name = Foundation.framework; path = System/Library/Frameworks/Foundation.framework; sourceTree = SDKROOT; };
		CCEAC07D1A8235880037D192 /* CoreGraphics.framework */ = {isa = PBXFileReference; lastKnownFileType = wrapper.framework; name = CoreGraphics.framework; path = System/Library/Frameworks/CoreGraphics.framework; sourceTree = SDKROOT; };
		CCEAC07F1A8235890037D192 /* UIKit.framework */ = {isa = PBXFileReference; lastKnownFileType = wrapper.framework; name = UIKit.framework; path = System/Library/Frameworks/UIKit.framework; sourceTree = SDKROOT; };
		CCEAC0831A8235890037D192 /* ChineseChess-Info.plist */ = {isa = PBXFileReference; lastKnownFileType = text.plist.xml; path = "ChineseChess-Info.plist"; sourceTree = "<group>"; };
		CCEAC0851A8235890037D192 /* en */ = {isa = PBXFileReference; lastKnownFileType = text.plist.strings; name = en; path = en.lproj/InfoPlist.strings; sourceTree = "<group>"; };
		CCEAC0871A8235890037D192 /* main.m */ = {isa = PBXFileReference; lastKnownFileType = sourcecode.c.objc; path = main.m; sourceTree = "<group>"; };
		CCEAC0891A8235890037D192 /* ChineseChess-Prefix.pch */ = {isa = PBXFileReference; lastKnownFileType = sourcecode.c.h; path = "ChineseChess-Prefix.pch"; sourceTree = "<group>"; };
		CCEAC08A1A8235890037D192 /* QYAppDelegate.h */ = {isa = PBXFileReference; lastKnownFileType = sourcecode.c.h; path = QYAppDelegate.h; sourceTree = "<group>"; };
		CCEAC08B1A8235890037D192 /* QYAppDelegate.m */ = {isa = PBXFileReference; lastKnownFileType = sourcecode.c.objc; path = QYAppDelegate.m; sourceTree = "<group>"; };
		CCEAC08E1A8235890037D192 /* Base */ = {isa = PBXFileReference; lastKnownFileType = file.storyboard; name = Base; path = Base.lproj/Main_iPhone.storyboard; sourceTree = "<group>"; };
		CCEAC0911A8235890037D192 /* Base */ = {isa = PBXFileReference; lastKnownFileType = file.storyboard; name = Base; path = Base.lproj/Main_iPad.storyboard; sourceTree = "<group>"; };
		CCEAC0931A8235890037D192 /* QYViewController.h */ = {isa = PBXFileReference; lastKnownFileType = sourcecode.c.h; path = QYViewController.h; sourceTree = "<group>"; };
		CCEAC0941A8235890037D192 /* QYViewController.m */ = {isa = PBXFileReference; lastKnownFileType = sourcecode.c.objc; path = QYViewController.m; sourceTree = "<group>"; };
		CCEAC0961A8235890037D192 /* Images.xcassets */ = {isa = PBXFileReference; lastKnownFileType = folder.assetcatalog; path = Images.xcassets; sourceTree = "<group>"; };
		CCEAC09C1A8235890037D192 /* ChineseChessTests.xctest */ = {isa = PBXFileReference; explicitFileType = wrapper.cfbundle; includeInIndex = 0; path = ChineseChessTests.xctest; sourceTree = BUILT_PRODUCTS_DIR; };
		CCEAC09D1A8235890037D192 /* XCTest.framework */ = {isa = PBXFileReference; lastKnownFileType = wrapper.framework; name = XCTest.framework; path = Library/Frameworks/XCTest.framework; sourceTree = DEVELOPER_DIR; };
		CCEAC0A51A8235890037D192 /* ChineseChessTests-Info.plist */ = {isa = PBXFileReference; lastKnownFileType = text.plist.xml; path = "ChineseChessTests-Info.plist"; sourceTree = "<group>"; };
		CCEAC0A71A8235890037D192 /* en */ = {isa = PBXFileReference; lastKnownFileType = text.plist.strings; name = en; path = en.lproj/InfoPlist.strings; sourceTree = "<group>"; };
		CCEAC0A91A8235890037D192 /* ChineseChessTests.m */ = {isa = PBXFileReference; lastKnownFileType = sourcecode.c.objc; path = ChineseChessTests.m; sourceTree = "<group>"; };
/* End PBXFileReference section */

/* Begin PBXFrameworksBuildPhase section */
		CCEAC0751A8235880037D192 /* Frameworks */ = {
			isa = PBXFrameworksBuildPhase;
			buildActionMask = 2147483647;
			files = (
				CCEAC07E1A8235880037D192 /* CoreGraphics.framework in Frameworks */,
				CCEAC0801A8235890037D192 /* UIKit.framework in Frameworks */,
				CCEAC07C1A8235880037D192 /* Foundation.framework in Frameworks */,
			);
			runOnlyForDeploymentPostprocessing = 0;
		};
		CCEAC0991A8235890037D192 /* Frameworks */ = {
			isa = PBXFrameworksBuildPhase;
			buildActionMask = 2147483647;
			files = (
				CCEAC09E1A8235890037D192 /* XCTest.framework in Frameworks */,
				CCEAC0A01A8235890037D192 /* UIKit.framework in Frameworks */,
				CCEAC09F1A8235890037D192 /* Foundation.framework in Frameworks */,
			);
			runOnlyForDeploymentPostprocessing = 0;
		};
/* End PBXFrameworksBuildPhase section */

/* Begin PBXGroup section */
		CCEAC06F1A8235880037D192 = {
			isa = PBXGroup;
			children = (
				CCEAC0811A8235890037D192 /* ChineseChess */,
				CCEAC0A31A8235890037D192 /* ChineseChessTests */,
				CCEAC07A1A8235880037D192 /* Frameworks */,
				CCEAC0791A8235880037D192 /* Products */,
			);
			sourceTree = "<group>";
		};
		CCEAC0791A8235880037D192 /* Products */ = {
			isa = PBXGroup;
			children = (
				CCEAC0781A8235880037D192 /* ChineseChess.app */,
				CCEAC09C1A8235890037D192 /* ChineseChessTests.xctest */,
			);
			name = Products;
			sourceTree = "<group>";
		};
		CCEAC07A1A8235880037D192 /* Frameworks */ = {
			isa = PBXGroup;
			children = (
				CCEAC07B1A8235880037D192 /* Foundation.framework */,
				CCEAC07D1A8235880037D192 /* CoreGraphics.framework */,
				CCEAC07F1A8235890037D192 /* UIKit.framework */,
				CCEAC09D1A8235890037D192 /* XCTest.framework */,
			);
			name = Frameworks;
			sourceTree = "<group>";
		};
		CCEAC0811A8235890037D192 /* ChineseChess */ = {
			isa = PBXGroup;
			children = (
				CCEAC08A1A8235890037D192 /* QYAppDelegate.h */,
				CCEAC08B1A8235890037D192 /* QYAppDelegate.m */,
				CCEAC08D1A8235890037D192 /* Main_iPhone.storyboard */,
				CCEAC0901A8235890037D192 /* Main_iPad.storyboard */,
				CCEAC0931A8235890037D192 /* QYViewController.h */,
				CCEAC0941A8235890037D192 /* QYViewController.m */,
				CCEAC0961A8235890037D192 /* Images.xcassets */,
				CCEAC0821A8235890037D192 /* Supporting Files */,
			);
			path = ChineseChess;
			sourceTree = "<group>";
		};
		CCEAC0821A8235890037D192 /* Supporting Files */ = {
			isa = PBXGroup;
			children = (
				CCEAC0831A8235890037D192 /* ChineseChess-Info.plist */,
				CCEAC0841A8235890037D192 /* InfoPlist.strings */,
				CCEAC0871A8235890037D192 /* main.m */,
				CCEAC0891A8235890037D192 /* ChineseChess-Prefix.pch */,
			);
			name = "Supporting Files";
			sourceTree = "<group>";
		};
		CCEAC0A31A8235890037D192 /* ChineseChessTests */ = {
			isa = PBXGroup;
			children = (
				CCEAC0A91A8235890037D192 /* ChineseChessTests.m */,
				CCEAC0A41A8235890037D192 /* Supporting Files */,
			);
			path = ChineseChessTests;
			sourceTree = "<group>";
		};
		CCEAC0A41A8235890037D192 /* Supporting Files */ = {
			isa = PBXGroup;
			children = (
				CCEAC0A51A8235890037D192 /* ChineseChessTests-Info.plist */,
				CCEAC0A61A8235890037D192 /* InfoPlist.strings */,
			);
			name = "Supporting Files";
			sourceTree = "<group>";
		};
/* End PBXGroup section */

/* Begin PBXNativeTarget section */
		CCEAC0771A8235880037D192 /* ChineseChess */ = {
			isa = PBXNativeTarget;
			buildConfigurationList = CCEAC0AD1A8235890037D192 /* Build configuration list for PBXNativeTarget "ChineseChess" */;
			buildPhases = (
				CCEAC0741A8235880037D192 /* Sources */,
				CCEAC0751A8235880037D192 /* Frameworks */,
				CCEAC0761A8235880037D192 /* Resources */,
			);
			buildRules = (
			);
			dependencies = (
			);
			name = ChineseChess;
			productName = ChineseChess;
			productReference = CCEAC0781A8235880037D192 /* ChineseChess.app */;
			productType = "com.apple.product-type.application";
		};
		CCEAC09B1A8235890037D192 /* ChineseChessTests */ = {
			isa = PBXNativeTarget;
			buildConfigurationList = CCEAC0B01A8235890037D192 /* Build configuration list for PBXNativeTarget "ChineseChessTests" */;
			buildPhases = (
				CCEAC0981A8235890037D192 /* Sources */,
				CCEAC0991A8235890037D192 /* Frameworks */,
				CCEAC09A1A8235890037D192 /* Resources */,
			);
			buildRules = (
			);
			dependencies = (
				CCEAC0A21A8235890037D192 /* PBXTargetDependency */,
			);
			name = ChineseChessTests;
			productName = ChineseChessTests;
			productReference = CCEAC09C1A8235890037D192 /* ChineseChessTests.xctest */;
			productType = "com.apple.product-type.bundle.unit-test";
		};
/* End PBXNativeTarget section */

/* Begin PBXProject section */
		CCEAC0701A8235880037D192 /* Project object */ = {
			isa = PBXProject;
			attributes = {
				CLASSPREFIX = QY;
				LastUpgradeCheck = 0510;
				ORGANIZATIONNAME = qingyun;
				TargetAttributes = {
					CCEAC09B1A8235890037D192 = {
						TestTargetID = CCEAC0771A8235880037D192;
					};
				};
			};
			buildConfigurationList = CCEAC0731A8235880037D192 /* Build configuration list for PBXProject "ChineseChess" */;
			compatibilityVersion = "Xcode 3.2";
			developmentRegion = English;
			hasScannedForEncodings = 0;
			knownRegions = (
				en,
				Base,
			);
			mainGroup = CCEAC06F1A8235880037D192;
			productRefGroup = CCEAC0791A8235880037D192 /* Products */;
			projectDirPath = "";
			projectRoot = "";
			targets = (
				CCEAC0771A8235880037D192 /* ChineseChess */,
				CCEAC09B1A8235890037D192 /* ChineseChessTests */,
			);
		};
/* End PBXProject section */

/* Begin PBXResourcesBuildPhase section */
		CCEAC0761A8235880037D192 /* Resources */ = {
			isa = PBXResourcesBuildPhase;
			buildActionMask = 2147483647;
			files = (
				CCEAC0921A8235890037D192 /* Main_iPad.storyboard in Resources */,
				CCEAC0971A8235890037D192 /* Images.xcassets in Resources */,
				CCEAC08F1A8235890037D192 /* Main_iPhone.storyboard in Resources */,
				CCEAC0861A8235890037D192 /* InfoPlist.strings in Resources */,
			);
			runOnlyForDeploymentPostprocessing = 0;
		};
		CCEAC09A1A8235890037D192 /* Resources */ = {
			isa = PBXResourcesBuildPhase;
			buildActionMask = 2147483647;
			files = (
				CCEAC0A81A8235890037D192 /* InfoPlist.strings in Resources */,
			);
			runOnlyForDeploymentPostprocessing = 0;
		};
/* End PBXResourcesBuildPhase section */

/* Begin PBXSourcesBuildPhase section */
		CCEAC0741A8235880037D192 /* Sources */ = {
			isa = PBXSourcesBuildPhase;
			buildActionMask = 2147483647;
			files = (
				CCEAC08C1A8235890037D192 /* QYAppDelegate.m in Sources */,
				CCEAC0881A8235890037D192 /* main.m in Sources */,
				CCEAC0951A8235890037D192 /* QYViewController.m in Sources */,
			);
			runOnlyForDeploymentPostprocessing = 0;
		};
		CCEAC0981A8235890037D192 /* Sources */ = {
			isa = PBXSourcesBuildPhase;
			buildActionMask = 2147483647;
			files = (
				CCEAC0AA1A8235890037D192 /* ChineseChessTests.m in Sources */,
			);
			runOnlyForDeploymentPostprocessing = 0;
		};
/* End PBXSourcesBuildPhase section */

/* Begin PBXTargetDependency section */
		CCEAC0A21A8235890037D192 /* PBXTargetDependency */ = {
			isa = PBXTargetDependency;
			target = CCEAC0771A8235880037D192 /* ChineseChess */;
			targetProxy = CCEAC0A11A8235890037D192 /* PBXContainerItemProxy */;
		};
/* End PBXTargetDependency section */

/* Begin PBXVariantGroup section */
		CCEAC0841A8235890037D192 /* InfoPlist.strings */ = {
			isa = PBXVariantGroup;
			children = (
				CCEAC0851A8235890037D192 /* en */,
			);
			name = InfoPlist.strings;
			sourceTree = "<group>";
		};
		CCEAC08D1A8235890037D192 /* Main_iPhone.storyboard */ = {
			isa = PBXVariantGroup;
			children = (
				CCEAC08E1A8235890037D192 /* Base */,
			);
			name = Main_iPhone.storyboard;
			sourceTree = "<group>";
		};
		CCEAC0901A8235890037D192 /* Main_iPad.storyboard */ = {
			isa = PBXVariantGroup;
			children = (
				CCEAC0911A8235890037D192 /* Base */,
			);
			name = Main_iPad.storyboard;
			sourceTree = "<group>";
		};
		CCEAC0A61A8235890037D192 /* InfoPlist.strings */ = {
			isa = PBXVariantGroup;
			children = (
				CCEAC0A71A8235890037D192 /* en */,
			);
			name = InfoPlist.strings;
			sourceTree = "<group>";
		};
/* End PBXVariantGroup section */

/* Begin XCBuildConfiguration section */
		CCEAC0AB1A8235890037D192 /* Debug */ = {
			isa = XCBuildConfiguration;
			buildSettings = {
				ALWAYS_SEARCH_USER_PATHS = NO;
				CLANG_CXX_LANGUAGE_STANDARD = "gnu++0x";
				CLANG_CXX_LIBRARY = "libc++";
				CLANG_ENABLE_MODULES = YES;
				CLANG_ENABLE_OBJC_ARC = YES;
				CLANG_WARN_BOOL_CONVERSION = YES;
				CLANG_WARN_CONSTANT_CONVERSION = YES;
				CLANG_WARN_DIRECT_OBJC_ISA_USAGE = YES_ERROR;
				CLANG_WARN_EMPTY_BODY = YES;
				CLANG_WARN_ENUM_CONVERSION = YES;
				CLANG_WARN_INT_CONVERSION = YES;
				CLANG_WARN_OBJC_ROOT_CLASS = YES_ERROR;
				CLANG_WARN__DUPLICATE_METHOD_MATCH = YES;
				"CODE_SIGN_IDENTITY[sdk=iphoneos*]" = "iPhone Developer";
				COPY_PHASE_STRIP = NO;
				GCC_C_LANGUAGE_STANDARD = gnu99;
				GCC_DYNAMIC_NO_PIC = NO;
				GCC_OPTIMIZATION_LEVEL = 0;
				GCC_PREPROCESSOR_DEFINITIONS = (
					"DEBUG=1",
					"$(inherited)",
				);
				GCC_SYMBOLS_PRIVATE_EXTERN = NO;
				GCC_WARN_64_TO_32_BIT_CONVERSION = YES;
				GCC_WARN_ABOUT_RETURN_TYPE = YES_ERROR;
				GCC_WARN_UNDECLARED_SELECTOR = YES;
				GCC_WARN_UNINITIALIZED_AUTOS = YES_AGGRESSIVE;
				GCC_WARN_UNUSED_FUNCTION = YES;
				GCC_WARN_UNUSED_VARIABLE = YES;
				IPHONEOS_DEPLOYMENT_TARGET = 7.1;
				ONLY_ACTIVE_ARCH = YES;
				SDKROOT = iphoneos;
				TARGETED_DEVICE_FAMILY = "1,2";
			};
			name = Debug;
		};
		CCEAC0AC1A8235890037D192 /* Release */ = {
			isa = XCBuildConfiguration;
			buildSettings = {
				ALWAYS_SEARCH_USER_PATHS = NO;
				CLANG_CXX_LANGUAGE_STANDARD = "gnu++0x";
				CLANG_CXX_LIBRARY = "libc++";
				CLANG_ENABLE_MODULES = YES;
				CLANG_ENABLE_OBJC_ARC = YES;
				CLANG_WARN_BOOL_CONVERSION = YES;
				CLANG_WARN_CONSTANT_CONVERSION = YES;
				CLANG_WARN_DIRECT_OBJC_ISA_USAGE = YES_ERROR;
				CLANG_WARN_EMPTY_BODY = YES;
				CLANG_WARN_ENUM_CONVERSION = YES;
				CLANG_WARN_INT_CONVERSION = YES;
				CLANG_WARN_OBJC_ROOT_CLASS = YES_ERROR;
				CLANG_WARN__DUPLICATE_METHOD_MATCH = YES;
				"CODE_SIGN_IDENTITY[sdk=iphoneos*]" = "iPhone Developer";
				COPY_PHASE_STRIP = YES;
				ENABLE_NS_ASSERTIONS = NO;
				GCC_C_LANGUAGE_STANDARD = gnu99;
				GCC_WARN_64_TO_32_BIT_CONVERSION = YES;
				GCC_WARN_ABOUT_RETURN_TYPE = YES_ERROR;
				GCC_WARN_UNDECLARED_SELECTOR = YES;
				GCC_WARN_UNINITIALIZED_AUTOS = YES_AGGRESSIVE;
				GCC_WARN_UNUSED_FUNCTION = YES;
				GCC_WARN_UNUSED_VARIABLE = YES;
				IPHONEOS_DEPLOYMENT_TARGET = 7.1;
				SDKROOT = iphoneos;
				TARGETED_DEVICE_FAMILY = "1,2";
				VALIDATE_PRODUCT = YES;
			};
			name = Release;
		};
		CCEAC0AE1A8235890037D192 /* Debug */ = {
			isa = XCBuildConfiguration;
			buildSettings = {
				ASSETCATALOG_COMPILER_APPICON_NAME = AppIcon;
				ASSETCATALOG_COMPILER_LAUNCHIMAGE_NAME = LaunchImage;
				GCC_PRECOMPILE_PREFIX_HEADER = YES;
				GCC_PREFIX_HEADER = "ChineseChess/ChineseChess-Prefix.pch";
				INFOPLIST_FILE = "ChineseChess/ChineseChess-Info.plist";
				PRODUCT_NAME = "$(TARGET_NAME)";
				WRAPPER_EXTENSION = app;
			};
			name = Debug;
		};
		CCEAC0AF1A8235890037D192 /* Release */ = {
			isa = XCBuildConfiguration;
			buildSettings = {
				ASSETCATALOG_COMPILER_APPICON_NAME = AppIcon;
				ASSETCATALOG_COMPILER_LAUNCHIMAGE_NAME = LaunchImage;
				GCC_PRECOMPILE_PREFIX_HEADER = YES;
				GCC_PREFIX_HEADER = "ChineseChess/ChineseChess-Prefix.pch";
				INFOPLIST_FILE = "ChineseChess/ChineseChess-Info.plist";
				PRODUCT_NAME = "$(TARGET_NAME)";
				WRAPPER_EXTENSION = app;
			};
			name = Release;
		};
		CCEAC0B11A8235890037D192 /* Debug */ = {
			isa = XCBuildConfiguration;
			buildSettings = {
				BUNDLE_LOADER = "$(BUILT_PRODUCTS_DIR)/ChineseChess.app/ChineseChess";
				FRAMEWORK_SEARCH_PATHS = (
					"$(SDKROOT)/Developer/Library/Frameworks",
					"$(inherited)",
					"$(DEVELOPER_FRAMEWORKS_DIR)",
				);
				GCC_PRECOMPILE_PREFIX_HEADER = YES;
				GCC_PREFIX_HEADER = "ChineseChess/ChineseChess-Prefix.pch";
				GCC_PREPROCESSOR_DEFINITIONS = (
					"DEBUG=1",
					"$(inherited)",
				);
				INFOPLIST_FILE = "ChineseChessTests/ChineseChessTests-Info.plist";
				PRODUCT_NAME = "$(TARGET_NAME)";
				TEST_HOST = "$(BUNDLE_LOADER)";
				WRAPPER_EXTENSION = xctest;
			};
			name = Debug;
		};
		CCEAC0B21A8235890037D192 /* Release */ = {
			isa = XCBuildConfiguration;
			buildSettings = {
				BUNDLE_LOADER = "$(BUILT_PRODUCTS_DIR)/ChineseChess.app/ChineseChess";
				FRAMEWORK_SEARCH_PATHS = (
					"$(SDKROOT)/Developer/Library/Frameworks",
					"$(inherited)",
					"$(DEVELOPER_FRAMEWORKS_DIR)",
				);
				GCC_PRECOMPILE_PREFIX_HEADER = YES;
				GCC_PREFIX_HEADER = "ChineseChess/ChineseChess-Prefix.pch";
				INFOPLIST_FILE = "ChineseChessTests/ChineseChessTests-Info.plist";
				PRODUCT_NAME = "$(TARGET_NAME)";
				TEST_HOST = "$(BUNDLE_LOADER)";
				WRAPPER_EXTENSION = xctest;
			};
			name = Release;
		};
/* End XCBuildConfiguration section */

/* Begin XCConfigurationList section */
		CCEAC0731A8235880037D192 /* Build configuration list for PBXProject "ChineseChess" */ = {
			isa = XCConfigurationList;
			buildConfigurations = (
				CCEAC0AB1A8235890037D192 /* Debug */,
				CCEAC0AC1A8235890037D192 /* Release */,
			);
			defaultConfigurationIsVisible = 0;
			defaultConfigurationName = Release;
		};
		CCEAC0AD1A8235890037D192 /* Build configuration list for PBXNativeTarget "ChineseChess" */ = {
			isa = XCConfigurationList;
			buildConfigurations = (
				CCEAC0AE1A8235890037D192 /* Debug */,
				CCEAC0AF1A8235890037D192 /* Release */,
			);
			defaultConfigurationIsVisible = 0;
		};
		CCEAC0B01A8235890037D192 /* Build configuration list for PBXNativeTarget "ChineseChessTests" */ = {
			isa = XCConfigurationList;
			buildConfigurations = (
				CCEAC0B11A8235890037D192 /* Debug */,
				CCEAC0B21A8235890037D192 /* Release */,
			);
			defaultConfigurationIsVisible = 0;
		};
/* End XCConfigurationList section */
	};
	rootObject = CCEAC0701A8235880037D192 /* Project object */;
}
