// !$*UTF8*$!
{
	archiveVersion = 1;
	classes = {
	};
	objectVersion = 46;
	objects = {

/* Begin PBXBuildFile section */
		CC2FD1361AB7D4B40000BF9F /* Foundation.framework in Frameworks */ = {isa = PBXBuildFile; fileRef = CC2FD1351AB7D4B40000BF9F /* Foundation.framework */; };
		CC2FD1381AB7D4B40000BF9F /* CoreGraphics.framework in Frameworks */ = {isa = PBXBuildFile; fileRef = CC2FD1371AB7D4B40000BF9F /* CoreGraphics.framework */; };
		CC2FD13A1AB7D4B40000BF9F /* UIKit.framework in Frameworks */ = {isa = PBXBuildFile; fileRef = CC2FD1391AB7D4B40000BF9F /* UIKit.framework */; };
		CC2FD1401AB7D4B40000BF9F /* InfoPlist.strings in Resources */ = {isa = PBXBuildFile; fileRef = CC2FD13E1AB7D4B40000BF9F /* InfoPlist.strings */; };
		CC2FD1421AB7D4B40000BF9F /* main.m in Sources */ = {isa = PBXBuildFile; fileRef = CC2FD1411AB7D4B40000BF9F /* main.m */; };
		CC2FD1461AB7D4B40000BF9F /* QYAppDelegate.m in Sources */ = {isa = PBXBuildFile; fileRef = CC2FD1451AB7D4B40000BF9F /* QYAppDelegate.m */; };
		CC2FD1491AB7D4B40000BF9F /* Main.storyboard in Resources */ = {isa = PBXBuildFile; fileRef = CC2FD1471AB7D4B40000BF9F /* Main.storyboard */; };
		CC2FD14C1AB7D4B40000BF9F /* QYViewController.m in Sources */ = {isa = PBXBuildFile; fileRef = CC2FD14B1AB7D4B40000BF9F /* QYViewController.m */; };
		CC2FD14E1AB7D4B40000BF9F /* Images.xcassets in Resources */ = {isa = PBXBuildFile; fileRef = CC2FD14D1AB7D4B40000BF9F /* Images.xcassets */; };
		CC2FD1551AB7D4B40000BF9F /* XCTest.framework in Frameworks */ = {isa = PBXBuildFile; fileRef = CC2FD1541AB7D4B40000BF9F /* XCTest.framework */; };
		CC2FD1561AB7D4B40000BF9F /* Foundation.framework in Frameworks */ = {isa = PBXBuildFile; fileRef = CC2FD1351AB7D4B40000BF9F /* Foundation.framework */; };
		CC2FD1571AB7D4B40000BF9F /* UIKit.framework in Frameworks */ = {isa = PBXBuildFile; fileRef = CC2FD1391AB7D4B40000BF9F /* UIKit.framework */; };
		CC2FD15F1AB7D4B40000BF9F /* InfoPlist.strings in Resources */ = {isa = PBXBuildFile; fileRef = CC2FD15D1AB7D4B40000BF9F /* InfoPlist.strings */; };
		CC2FD1611AB7D4B40000BF9F /* BarrierDemoTests.m in Sources */ = {isa = PBXBuildFile; fileRef = CC2FD1601AB7D4B40000BF9F /* BarrierDemoTests.m */; };
/* End PBXBuildFile section */

/* Begin PBXContainerItemProxy section */
		CC2FD1581AB7D4B40000BF9F /* PBXContainerItemProxy */ = {
			isa = PBXContainerItemProxy;
			containerPortal = CC2FD12A1AB7D4B40000BF9F /* Project object */;
			proxyType = 1;
			remoteGlobalIDString = CC2FD1311AB7D4B40000BF9F;
			remoteInfo = BarrierDemo;
		};
/* End PBXContainerItemProxy section */

/* Begin PBXFileReference section */
		CC2FD1321AB7D4B40000BF9F /* BarrierDemo.app */ = {isa = PBXFileReference; explicitFileType = wrapper.application; includeInIndex = 0; path = BarrierDemo.app; sourceTree = BUILT_PRODUCTS_DIR; };
		CC2FD1351AB7D4B40000BF9F /* Foundation.framework */ = {isa = PBXFileReference; lastKnownFileType = wrapper.framework; name = Foundation.framework; path = System/Library/Frameworks/Foundation.framework; sourceTree = SDKROOT; };
		CC2FD1371AB7D4B40000BF9F /* CoreGraphics.framework */ = {isa = PBXFileReference; lastKnownFileType = wrapper.framework; name = CoreGraphics.framework; path = System/Library/Frameworks/CoreGraphics.framework; sourceTree = SDKROOT; };
		CC2FD1391AB7D4B40000BF9F /* UIKit.framework */ = {isa = PBXFileReference; lastKnownFileType = wrapper.framework; name = UIKit.framework; path = System/Library/Frameworks/UIKit.framework; sourceTree = SDKROOT; };
		CC2FD13D1AB7D4B40000BF9F /* BarrierDemo-Info.plist */ = {isa = PBXFileReference; lastKnownFileType = text.plist.xml; path = "BarrierDemo-Info.plist"; sourceTree = "<group>"; };
		CC2FD13F1AB7D4B40000BF9F /* en */ = {isa = PBXFileReference; lastKnownFileType = text.plist.strings; name = en; path = en.lproj/InfoPlist.strings; sourceTree = "<group>"; };
		CC2FD1411AB7D4B40000BF9F /* main.m */ = {isa = PBXFileReference; lastKnownFileType = sourcecode.c.objc; path = main.m; sourceTree = "<group>"; };
		CC2FD1431AB7D4B40000BF9F /* BarrierDemo-Prefix.pch */ = {isa = PBXFileReference; lastKnownFileType = sourcecode.c.h; path = "BarrierDemo-Prefix.pch"; sourceTree = "<group>"; };
		CC2FD1441AB7D4B40000BF9F /* QYAppDelegate.h */ = {isa = PBXFileReference; lastKnownFileType = sourcecode.c.h; path = QYAppDelegate.h; sourceTree = "<group>"; };
		CC2FD1451AB7D4B40000BF9F /* QYAppDelegate.m */ = {isa = PBXFileReference; lastKnownFileType = sourcecode.c.objc; path = QYAppDelegate.m; sourceTree = "<group>"; };
		CC2FD1481AB7D4B40000BF9F /* Base */ = {isa = PBXFileReference; lastKnownFileType = file.storyboard; name = Base; path = Base.lproj/Main.storyboard; sourceTree = "<group>"; };
		CC2FD14A1AB7D4B40000BF9F /* QYViewController.h */ = {isa = PBXFileReference; lastKnownFileType = sourcecode.c.h; path = QYViewController.h; sourceTree = "<group>"; };
		CC2FD14B1AB7D4B40000BF9F /* QYViewController.m */ = {isa = PBXFileReference; lastKnownFileType = sourcecode.c.objc; path = QYViewController.m; sourceTree = "<group>"; };
		CC2FD14D1AB7D4B40000BF9F /* Images.xcassets */ = {isa = PBXFileReference; lastKnownFileType = folder.assetcatalog; path = Images.xcassets; sourceTree = "<group>"; };
		CC2FD1531AB7D4B40000BF9F /* BarrierDemoTests.xctest */ = {isa = PBXFileReference; explicitFileType = wrapper.cfbundle; includeInIndex = 0; path = BarrierDemoTests.xctest; sourceTree = BUILT_PRODUCTS_DIR; };
		CC2FD1541AB7D4B40000BF9F /* XCTest.framework */ = {isa = PBXFileReference; lastKnownFileType = wrapper.framework; name = XCTest.framework; path = Library/Frameworks/XCTest.framework; sourceTree = DEVELOPER_DIR; };
		CC2FD15C1AB7D4B40000BF9F /* BarrierDemoTests-Info.plist */ = {isa = PBXFileReference; lastKnownFileType = text.plist.xml; path = "BarrierDemoTests-Info.plist"; sourceTree = "<group>"; };
		CC2FD15E1AB7D4B40000BF9F /* en */ = {isa = PBXFileReference; lastKnownFileType = text.plist.strings; name = en; path = en.lproj/InfoPlist.strings; sourceTree = "<group>"; };
		CC2FD1601AB7D4B40000BF9F /* BarrierDemoTests.m */ = {isa = PBXFileReference; lastKnownFileType = sourcecode.c.objc; path = BarrierDemoTests.m; sourceTree = "<group>"; };
/* End PBXFileReference section */

/* Begin PBXFrameworksBuildPhase section */
		CC2FD12F1AB7D4B40000BF9F /* Frameworks */ = {
			isa = PBXFrameworksBuildPhase;
			buildActionMask = 2147483647;
			files = (
				CC2FD1381AB7D4B40000BF9F /* CoreGraphics.framework in Frameworks */,
				CC2FD13A1AB7D4B40000BF9F /* UIKit.framework in Frameworks */,
				CC2FD1361AB7D4B40000BF9F /* Foundation.framework in Frameworks */,
			);
			runOnlyForDeploymentPostprocessing = 0;
		};
		CC2FD1501AB7D4B40000BF9F /* Frameworks */ = {
			isa = PBXFrameworksBuildPhase;
			buildActionMask = 2147483647;
			files = (
				CC2FD1551AB7D4B40000BF9F /* XCTest.framework in Frameworks */,
				CC2FD1571AB7D4B40000BF9F /* UIKit.framework in Frameworks */,
				CC2FD1561AB7D4B40000BF9F /* Foundation.framework in Frameworks */,
			);
			runOnlyForDeploymentPostprocessing = 0;
		};
/* End PBXFrameworksBuildPhase section */

/* Begin PBXGroup section */
		CC2FD1291AB7D4B40000BF9F = {
			isa = PBXGroup;
			children = (
				CC2FD13B1AB7D4B40000BF9F /* BarrierDemo */,
				CC2FD15A1AB7D4B40000BF9F /* BarrierDemoTests */,
				CC2FD1341AB7D4B40000BF9F /* Frameworks */,
				CC2FD1331AB7D4B40000BF9F /* Products */,
			);
			sourceTree = "<group>";
		};
		CC2FD1331AB7D4B40000BF9F /* Products */ = {
			isa = PBXGroup;
			children = (
				CC2FD1321AB7D4B40000BF9F /* BarrierDemo.app */,
				CC2FD1531AB7D4B40000BF9F /* BarrierDemoTests.xctest */,
			);
			name = Products;
			sourceTree = "<group>";
		};
		CC2FD1341AB7D4B40000BF9F /* Frameworks */ = {
			isa = PBXGroup;
			children = (
				CC2FD1351AB7D4B40000BF9F /* Foundation.framework */,
				CC2FD1371AB7D4B40000BF9F /* CoreGraphics.framework */,
				CC2FD1391AB7D4B40000BF9F /* UIKit.framework */,
				CC2FD1541AB7D4B40000BF9F /* XCTest.framework */,
			);
			name = Frameworks;
			sourceTree = "<group>";
		};
		CC2FD13B1AB7D4B40000BF9F /* BarrierDemo */ = {
			isa = PBXGroup;
			children = (
				CC2FD1441AB7D4B40000BF9F /* QYAppDelegate.h */,
				CC2FD1451AB7D4B40000BF9F /* QYAppDelegate.m */,
				CC2FD1471AB7D4B40000BF9F /* Main.storyboard */,
				CC2FD14A1AB7D4B40000BF9F /* QYViewController.h */,
				CC2FD14B1AB7D4B40000BF9F /* QYViewController.m */,
				CC2FD14D1AB7D4B40000BF9F /* Images.xcassets */,
				CC2FD13C1AB7D4B40000BF9F /* Supporting Files */,
			);
			path = BarrierDemo;
			sourceTree = "<group>";
		};
		CC2FD13C1AB7D4B40000BF9F /* Supporting Files */ = {
			isa = PBXGroup;
			children = (
				CC2FD13D1AB7D4B40000BF9F /* BarrierDemo-Info.plist */,
				CC2FD13E1AB7D4B40000BF9F /* InfoPlist.strings */,
				CC2FD1411AB7D4B40000BF9F /* main.m */,
				CC2FD1431AB7D4B40000BF9F /* BarrierDemo-Prefix.pch */,
			);
			name = "Supporting Files";
			sourceTree = "<group>";
		};
		CC2FD15A1AB7D4B40000BF9F /* BarrierDemoTests */ = {
			isa = PBXGroup;
			children = (
				CC2FD1601AB7D4B40000BF9F /* BarrierDemoTests.m */,
				CC2FD15B1AB7D4B40000BF9F /* Supporting Files */,
			);
			path = BarrierDemoTests;
			sourceTree = "<group>";
		};
		CC2FD15B1AB7D4B40000BF9F /* Supporting Files */ = {
			isa = PBXGroup;
			children = (
				CC2FD15C1AB7D4B40000BF9F /* BarrierDemoTests-Info.plist */,
				CC2FD15D1AB7D4B40000BF9F /* InfoPlist.strings */,
			);
			name = "Supporting Files";
			sourceTree = "<group>";
		};
/* End PBXGroup section */

/* Begin PBXNativeTarget section */
		CC2FD1311AB7D4B40000BF9F /* BarrierDemo */ = {
			isa = PBXNativeTarget;
			buildConfigurationList = CC2FD1641AB7D4B40000BF9F /* Build configuration list for PBXNativeTarget "BarrierDemo" */;
			buildPhases = (
				CC2FD12E1AB7D4B40000BF9F /* Sources */,
				CC2FD12F1AB7D4B40000BF9F /* Frameworks */,
				CC2FD1301AB7D4B40000BF9F /* Resources */,
			);
			buildRules = (
			);
			dependencies = (
			);
			name = BarrierDemo;
			productName = BarrierDemo;
			productReference = CC2FD1321AB7D4B40000BF9F /* BarrierDemo.app */;
			productType = "com.apple.product-type.application";
		};
		CC2FD1521AB7D4B40000BF9F /* BarrierDemoTests */ = {
			isa = PBXNativeTarget;
			buildConfigurationList = CC2FD1671AB7D4B40000BF9F /* Build configuration list for PBXNativeTarget "BarrierDemoTests" */;
			buildPhases = (
				CC2FD14F1AB7D4B40000BF9F /* Sources */,
				CC2FD1501AB7D4B40000BF9F /* Frameworks */,
				CC2FD1511AB7D4B40000BF9F /* Resources */,
			);
			buildRules = (
			);
			dependencies = (
				CC2FD1591AB7D4B40000BF9F /* PBXTargetDependency */,
			);
			name = BarrierDemoTests;
			productName = BarrierDemoTests;
			productReference = CC2FD1531AB7D4B40000BF9F /* BarrierDemoTests.xctest */;
			productType = "com.apple.product-type.bundle.unit-test";
		};
/* End PBXNativeTarget section */

/* Begin PBXProject section */
		CC2FD12A1AB7D4B40000BF9F /* Project object */ = {
			isa = PBXProject;
			attributes = {
				CLASSPREFIX = QY;
				LastUpgradeCheck = 0510;
				ORGANIZATIONNAME = hnqingyun.com;
				TargetAttributes = {
					CC2FD1521AB7D4B40000BF9F = {
						TestTargetID = CC2FD1311AB7D4B40000BF9F;
					};
				};
			};
			buildConfigurationList = CC2FD12D1AB7D4B40000BF9F /* Build configuration list for PBXProject "BarrierDemo" */;
			compatibilityVersion = "Xcode 3.2";
			developmentRegion = English;
			hasScannedForEncodings = 0;
			knownRegions = (
				en,
				Base,
			);
			mainGroup = CC2FD1291AB7D4B40000BF9F;
			productRefGroup = CC2FD1331AB7D4B40000BF9F /* Products */;
			projectDirPath = "";
			projectRoot = "";
			targets = (
				CC2FD1311AB7D4B40000BF9F /* BarrierDemo */,
				CC2FD1521AB7D4B40000BF9F /* BarrierDemoTests */,
			);
		};
/* End PBXProject section */

/* Begin PBXResourcesBuildPhase section */
		CC2FD1301AB7D4B40000BF9F /* Resources */ = {
			isa = PBXResourcesBuildPhase;
			buildActionMask = 2147483647;
			files = (
				CC2FD14E1AB7D4B40000BF9F /* Images.xcassets in Resources */,
				CC2FD1401AB7D4B40000BF9F /* InfoPlist.strings in Resources */,
				CC2FD1491AB7D4B40000BF9F /* Main.storyboard in Resources */,
			);
			runOnlyForDeploymentPostprocessing = 0;
		};
		CC2FD1511AB7D4B40000BF9F /* Resources */ = {
			isa = PBXResourcesBuildPhase;
			buildActionMask = 2147483647;
			files = (
				CC2FD15F1AB7D4B40000BF9F /* InfoPlist.strings in Resources */,
			);
			runOnlyForDeploymentPostprocessing = 0;
		};
/* End PBXResourcesBuildPhase section */

/* Begin PBXSourcesBuildPhase section */
		CC2FD12E1AB7D4B40000BF9F /* Sources */ = {
			isa = PBXSourcesBuildPhase;
			buildActionMask = 2147483647;
			files = (
				CC2FD1461AB7D4B40000BF9F /* QYAppDelegate.m in Sources */,
				CC2FD1421AB7D4B40000BF9F /* main.m in Sources */,
				CC2FD14C1AB7D4B40000BF9F /* QYViewController.m in Sources */,
			);
			runOnlyForDeploymentPostprocessing = 0;
		};
		CC2FD14F1AB7D4B40000BF9F /* Sources */ = {
			isa = PBXSourcesBuildPhase;
			buildActionMask = 2147483647;
			files = (
				CC2FD1611AB7D4B40000BF9F /* BarrierDemoTests.m in Sources */,
			);
			runOnlyForDeploymentPostprocessing = 0;
		};
/* End PBXSourcesBuildPhase section */

/* Begin PBXTargetDependency section */
		CC2FD1591AB7D4B40000BF9F /* PBXTargetDependency */ = {
			isa = PBXTargetDependency;
			target = CC2FD1311AB7D4B40000BF9F /* BarrierDemo */;
			targetProxy = CC2FD1581AB7D4B40000BF9F /* PBXContainerItemProxy */;
		};
/* End PBXTargetDependency section */

/* Begin PBXVariantGroup section */
		CC2FD13E1AB7D4B40000BF9F /* InfoPlist.strings */ = {
			isa = PBXVariantGroup;
			children = (
				CC2FD13F1AB7D4B40000BF9F /* en */,
			);
			name = InfoPlist.strings;
			sourceTree = "<group>";
		};
		CC2FD1471AB7D4B40000BF9F /* Main.storyboard */ = {
			isa = PBXVariantGroup;
			children = (
				CC2FD1481AB7D4B40000BF9F /* Base */,
			);
			name = Main.storyboard;
			sourceTree = "<group>";
		};
		CC2FD15D1AB7D4B40000BF9F /* InfoPlist.strings */ = {
			isa = PBXVariantGroup;
			children = (
				CC2FD15E1AB7D4B40000BF9F /* en */,
			);
			name = InfoPlist.strings;
			sourceTree = "<group>";
		};
/* End PBXVariantGroup section */

/* Begin XCBuildConfiguration section */
		CC2FD1621AB7D4B40000BF9F /* Debug */ = {
			isa = XCBuildConfiguration;
			buildSettings = {
				ALWAYS_SEARCH_USER_PATHS = NO;
				CLANG_CXX_LANGUAGE_STANDARD = "gnu++0x";
				CLANG_CXX_LIBRARY = "libc++";
				CLANG_ENABLE_MODULES = YES;
				CLANG_ENABLE_OBJC_ARC = YES;
				CLANG_WARN_BOOL_CONVERSION = YES;
				CLANG_WARN_CONSTANT_CONVERSION = YES;
				CLANG_WARN_DIRECT_OBJC_ISA_USAGE = YES_ERROR;
				CLANG_WARN_EMPTY_BODY = YES;
				CLANG_WARN_ENUM_CONVERSION = YES;
				CLANG_WARN_INT_CONVERSION = YES;
				CLANG_WARN_OBJC_ROOT_CLASS = YES_ERROR;
				CLANG_WARN__DUPLICATE_METHOD_MATCH = YES;
				"CODE_SIGN_IDENTITY[sdk=iphoneos*]" = "iPhone Developer";
				COPY_PHASE_STRIP = NO;
				GCC_C_LANGUAGE_STANDARD = gnu99;
				GCC_DYNAMIC_NO_PIC = NO;
				GCC_OPTIMIZATION_LEVEL = 0;
				GCC_PREPROCESSOR_DEFINITIONS = (
					"DEBUG=1",
					"$(inherited)",
				);
				GCC_SYMBOLS_PRIVATE_EXTERN = NO;
				GCC_WARN_64_TO_32_BIT_CONVERSION = YES;
				GCC_WARN_ABOUT_RETURN_TYPE = YES_ERROR;
				GCC_WARN_UNDECLARED_SELECTOR = YES;
				GCC_WARN_UNINITIALIZED_AUTOS = YES_AGGRESSIVE;
				GCC_WARN_UNUSED_FUNCTION = YES;
				GCC_WARN_UNUSED_VARIABLE = YES;
				IPHONEOS_DEPLOYMENT_TARGET = 7.1;
				ONLY_ACTIVE_ARCH = YES;
				SDKROOT = iphoneos;
			};
			name = Debug;
		};
		CC2FD1631AB7D4B40000BF9F /* Release */ = {
			isa = XCBuildConfiguration;
			buildSettings = {
				ALWAYS_SEARCH_USER_PATHS = NO;
				CLANG_CXX_LANGUAGE_STANDARD = "gnu++0x";
				CLANG_CXX_LIBRARY = "libc++";
				CLANG_ENABLE_MODULES = YES;
				CLANG_ENABLE_OBJC_ARC = YES;
				CLANG_WARN_BOOL_CONVERSION = YES;
				CLANG_WARN_CONSTANT_CONVERSION = YES;
				CLANG_WARN_DIRECT_OBJC_ISA_USAGE = YES_ERROR;
				CLANG_WARN_EMPTY_BODY = YES;
				CLANG_WARN_ENUM_CONVERSION = YES;
				CLANG_WARN_INT_CONVERSION = YES;
				CLANG_WARN_OBJC_ROOT_CLASS = YES_ERROR;
				CLANG_WARN__DUPLICATE_METHOD_MATCH = YES;
				"CODE_SIGN_IDENTITY[sdk=iphoneos*]" = "iPhone Developer";
				COPY_PHASE_STRIP = YES;
				ENABLE_NS_ASSERTIONS = NO;
				GCC_C_LANGUAGE_STANDARD = gnu99;
				GCC_WARN_64_TO_32_BIT_CONVERSION = YES;
				GCC_WARN_ABOUT_RETURN_TYPE = YES_ERROR;
				GCC_WARN_UNDECLARED_SELECTOR = YES;
				GCC_WARN_UNINITIALIZED_AUTOS = YES_AGGRESSIVE;
				GCC_WARN_UNUSED_FUNCTION = YES;
				GCC_WARN_UNUSED_VARIABLE = YES;
				IPHONEOS_DEPLOYMENT_TARGET = 7.1;
				SDKROOT = iphoneos;
				VALIDATE_PRODUCT = YES;
			};
			name = Release;
		};
		CC2FD1651AB7D4B40000BF9F /* Debug */ = {
			isa = XCBuildConfiguration;
			buildSettings = {
				ASSETCATALOG_COMPILER_APPICON_NAME = AppIcon;
				ASSETCATALOG_COMPILER_LAUNCHIMAGE_NAME = LaunchImage;
				GCC_PRECOMPILE_PREFIX_HEADER = YES;
				GCC_PREFIX_HEADER = "BarrierDemo/BarrierDemo-Prefix.pch";
				INFOPLIST_FILE = "BarrierDemo/BarrierDemo-Info.plist";
				PRODUCT_NAME = "$(TARGET_NAME)";
				WRAPPER_EXTENSION = app;
			};
			name = Debug;
		};
		CC2FD1661AB7D4B40000BF9F /* Release */ = {
			isa = XCBuildConfiguration;
			buildSettings = {
				ASSETCATALOG_COMPILER_APPICON_NAME = AppIcon;
				ASSETCATALOG_COMPILER_LAUNCHIMAGE_NAME = LaunchImage;
				GCC_PRECOMPILE_PREFIX_HEADER = YES;
				GCC_PREFIX_HEADER = "BarrierDemo/BarrierDemo-Prefix.pch";
				INFOPLIST_FILE = "BarrierDemo/BarrierDemo-Info.plist";
				PRODUCT_NAME = "$(TARGET_NAME)";
				WRAPPER_EXTENSION = app;
			};
			name = Release;
		};
		CC2FD1681AB7D4B40000BF9F /* Debug */ = {
			isa = XCBuildConfiguration;
			buildSettings = {
				BUNDLE_LOADER = "$(BUILT_PRODUCTS_DIR)/BarrierDemo.app/BarrierDemo";
				FRAMEWORK_SEARCH_PATHS = (
					"$(SDKROOT)/Developer/Library/Frameworks",
					"$(inherited)",
					"$(DEVELOPER_FRAMEWORKS_DIR)",
				);
				GCC_PRECOMPILE_PREFIX_HEADER = YES;
				GCC_PREFIX_HEADER = "BarrierDemo/BarrierDemo-Prefix.pch";
				GCC_PREPROCESSOR_DEFINITIONS = (
					"DEBUG=1",
					"$(inherited)",
				);
				INFOPLIST_FILE = "BarrierDemoTests/BarrierDemoTests-Info.plist";
				PRODUCT_NAME = "$(TARGET_NAME)";
				TEST_HOST = "$(BUNDLE_LOADER)";
				WRAPPER_EXTENSION = xctest;
			};
			name = Debug;
		};
		CC2FD1691AB7D4B40000BF9F /* Release */ = {
			isa = XCBuildConfiguration;
			buildSettings = {
				BUNDLE_LOADER = "$(BUILT_PRODUCTS_DIR)/BarrierDemo.app/BarrierDemo";
				FRAMEWORK_SEARCH_PATHS = (
					"$(SDKROOT)/Developer/Library/Frameworks",
					"$(inherited)",
					"$(DEVELOPER_FRAMEWORKS_DIR)",
				);
				GCC_PRECOMPILE_PREFIX_HEADER = YES;
				GCC_PREFIX_HEADER = "BarrierDemo/BarrierDemo-Prefix.pch";
				INFOPLIST_FILE = "BarrierDemoTests/BarrierDemoTests-Info.plist";
				PRODUCT_NAME = "$(TARGET_NAME)";
				TEST_HOST = "$(BUNDLE_LOADER)";
				WRAPPER_EXTENSION = xctest;
			};
			name = Release;
		};
/* End XCBuildConfiguration section */

/* Begin XCConfigurationList section */
		CC2FD12D1AB7D4B40000BF9F /* Build configuration list for PBXProject "BarrierDemo" */ = {
			isa = XCConfigurationList;
			buildConfigurations = (
				CC2FD1621AB7D4B40000BF9F /* Debug */,
				CC2FD1631AB7D4B40000BF9F /* Release */,
			);
			defaultConfigurationIsVisible = 0;
			defaultConfigurationName = Release;
		};
		CC2FD1641AB7D4B40000BF9F /* Build configuration list for PBXNativeTarget "BarrierDemo" */ = {
			isa = XCConfigurationList;
			buildConfigurations = (
				CC2FD1651AB7D4B40000BF9F /* Debug */,
				CC2FD1661AB7D4B40000BF9F /* Release */,
			);
			defaultConfigurationIsVisible = 0;
		};
		CC2FD1671AB7D4B40000BF9F /* Build configuration list for PBXNativeTarget "BarrierDemoTests" */ = {
			isa = XCConfigurationList;
			buildConfigurations = (
				CC2FD1681AB7D4B40000BF9F /* Debug */,
				CC2FD1691AB7D4B40000BF9F /* Release */,
			);
			defaultConfigurationIsVisible = 0;
		};
/* End XCConfigurationList section */
	};
	rootObject = CC2FD12A1AB7D4B40000BF9F /* Project object */;
}
